// !$*UTF8*$!
{
	archiveVersion = 1;
	classes = {
	};
	objectVersion = 50;
	objects = {

/* Begin PBXBuildFile section */
		D1183FDD25161E6100B5E03B /* AppDelegate.swift in Sources */ = {isa = PBXBuildFile; fileRef = D1183FDC25161E6100B5E03B /* AppDelegate.swift */; };
		D1183FDF25161E6100B5E03B /* SceneDelegate.swift in Sources */ = {isa = PBXBuildFile; fileRef = D1183FDE25161E6100B5E03B /* SceneDelegate.swift */; };
		D1183FE125161E6100B5E03B /* ViewController.swift in Sources */ = {isa = PBXBuildFile; fileRef = D1183FE025161E6100B5E03B /* ViewController.swift */; };
		D1183FE425161E6100B5E03B /* Main.storyboard in Resources */ = {isa = PBXBuildFile; fileRef = D1183FE225161E6100B5E03B /* Main.storyboard */; };
		D1183FE625161E6300B5E03B /* Assets.xcassets in Resources */ = {isa = PBXBuildFile; fileRef = D1183FE525161E6300B5E03B /* Assets.xcassets */; };
		D1183FE925161E6300B5E03B /* LaunchScreen.storyboard in Resources */ = {isa = PBXBuildFile; fileRef = D1183FE725161E6300B5E03B /* LaunchScreen.storyboard */; };
		D1183FF425161E6400B5E03B /* ProfileTests.swift in Sources */ = {isa = PBXBuildFile; fileRef = D1183FF325161E6400B5E03B /* ProfileTests.swift */; };
		D1183FFF25161E6400B5E03B /* ProfileUITests.swift in Sources */ = {isa = PBXBuildFile; fileRef = D1183FFE25161E6400B5E03B /* ProfileUITests.swift */; };
/* End PBXBuildFile section */

/* Begin PBXContainerItemProxy section */
		D1183FF025161E6400B5E03B /* PBXContainerItemProxy */ = {
			isa = PBXContainerItemProxy;
			containerPortal = D1183FD125161E6100B5E03B /* Project object */;
			proxyType = 1;
			remoteGlobalIDString = D1183FD825161E6100B5E03B;
			remoteInfo = Profile;
		};
		D1183FFB25161E6400B5E03B /* PBXContainerItemProxy */ = {
			isa = PBXContainerItemProxy;
			containerPortal = D1183FD125161E6100B5E03B /* Project object */;
			proxyType = 1;
			remoteGlobalIDString = D1183FD825161E6100B5E03B;
			remoteInfo = Profile;
		};
/* End PBXContainerItemProxy section */

/* Begin PBXFileReference section */
		D1183FD925161E6100B5E03B /* Profile.app */ = {isa = PBXFileReference; explicitFileType = wrapper.application; includeInIndex = 0; path = Profile.app; sourceTree = BUILT_PRODUCTS_DIR; };
		D1183FDC25161E6100B5E03B /* AppDelegate.swift */ = {isa = PBXFileReference; lastKnownFileType = sourcecode.swift; path = AppDelegate.swift; sourceTree = "<group>"; };
		D1183FDE25161E6100B5E03B /* SceneDelegate.swift */ = {isa = PBXFileReference; lastKnownFileType = sourcecode.swift; path = SceneDelegate.swift; sourceTree = "<group>"; };
		D1183FE025161E6100B5E03B /* ViewController.swift */ = {isa = PBXFileReference; lastKnownFileType = sourcecode.swift; path = ViewController.swift; sourceTree = "<group>"; };
		D1183FE325161E6100B5E03B /* Base */ = {isa = PBXFileReference; lastKnownFileType = file.storyboard; name = Base; path = Base.lproj/Main.storyboard; sourceTree = "<group>"; };
		D1183FE525161E6300B5E03B /* Assets.xcassets */ = {isa = PBXFileReference; lastKnownFileType = folder.assetcatalog; path = Assets.xcassets; sourceTree = "<group>"; };
		D1183FE825161E6300B5E03B /* Base */ = {isa = PBXFileReference; lastKnownFileType = file.storyboard; name = Base; path = Base.lproj/LaunchScreen.storyboard; sourceTree = "<group>"; };
		D1183FEA25161E6300B5E03B /* Info.plist */ = {isa = PBXFileReference; lastKnownFileType = text.plist.xml; path = Info.plist; sourceTree = "<group>"; };
		D1183FEF25161E6400B5E03B /* ProfileTests.xctest */ = {isa = PBXFileReference; explicitFileType = wrapper.cfbundle; includeInIndex = 0; path = ProfileTests.xctest; sourceTree = BUILT_PRODUCTS_DIR; };
		D1183FF325161E6400B5E03B /* ProfileTests.swift */ = {isa = PBXFileReference; lastKnownFileType = sourcecode.swift; path = ProfileTests.swift; sourceTree = "<group>"; };
		D1183FF525161E6400B5E03B /* Info.plist */ = {isa = PBXFileReference; lastKnownFileType = text.plist.xml; path = Info.plist; sourceTree = "<group>"; };
		D1183FFA25161E6400B5E03B /* ProfileUITests.xctest */ = {isa = PBXFileReference; explicitFileType = wrapper.cfbundle; includeInIndex = 0; path = ProfileUITests.xctest; sourceTree = BUILT_PRODUCTS_DIR; };
		D1183FFE25161E6400B5E03B /* ProfileUITests.swift */ = {isa = PBXFileReference; lastKnownFileType = sourcecode.swift; path = ProfileUITests.swift; sourceTree = "<group>"; };
		D118400025161E6400B5E03B /* Info.plist */ = {isa = PBXFileReference; lastKnownFileType = text.plist.xml; path = Info.plist; sourceTree = "<group>"; };
/* End PBXFileReference section */

/* Begin PBXFrameworksBuildPhase section */
		D1183FD625161E6100B5E03B /* Frameworks */ = {
			isa = PBXFrameworksBuildPhase;
			buildActionMask = 2147483647;
			files = (
			);
			runOnlyForDeploymentPostprocessing = 0;
		};
		D1183FEC25161E6400B5E03B /* Frameworks */ = {
			isa = PBXFrameworksBuildPhase;
			buildActionMask = 2147483647;
			files = (
			);
			runOnlyForDeploymentPostprocessing = 0;
		};
		D1183FF725161E6400B5E03B /* Frameworks */ = {
			isa = PBXFrameworksBuildPhase;
			buildActionMask = 2147483647;
			files = (
			);
			runOnlyForDeploymentPostprocessing = 0;
		};
/* End PBXFrameworksBuildPhase section */

/* Begin PBXGroup section */
		D1183FD025161E6100B5E03B = {
			isa = PBXGroup;
			children = (
				D1183FDB25161E6100B5E03B /* Profile */,
				D1183FF225161E6400B5E03B /* ProfileTests */,
				D1183FFD25161E6400B5E03B /* ProfileUITests */,
				D1183FDA25161E6100B5E03B /* Products */,
			);
			sourceTree = "<group>";
		};
		D1183FDA25161E6100B5E03B /* Products */ = {
			isa = PBXGroup;
			children = (
				D1183FD925161E6100B5E03B /* Profile.app */,
				D1183FEF25161E6400B5E03B /* ProfileTests.xctest */,
				D1183FFA25161E6400B5E03B /* ProfileUITests.xctest */,
			);
			name = Products;
			sourceTree = "<group>";
		};
		D1183FDB25161E6100B5E03B /* Profile */ = {
			isa = PBXGroup;
			children = (
				D1183FDC25161E6100B5E03B /* AppDelegate.swift */,
				D1183FDE25161E6100B5E03B /* SceneDelegate.swift */,
				D1183FE025161E6100B5E03B /* ViewController.swift */,
				D1183FE225161E6100B5E03B /* Main.storyboard */,
				D1183FE525161E6300B5E03B /* Assets.xcassets */,
				D1183FE725161E6300B5E03B /* LaunchScreen.storyboard */,
				D1183FEA25161E6300B5E03B /* Info.plist */,
			);
			path = Profile;
			sourceTree = "<group>";
		};
		D1183FF225161E6400B5E03B /* ProfileTests */ = {
			isa = PBXGroup;
			children = (
				D1183FF325161E6400B5E03B /* ProfileTests.swift */,
				D1183FF525161E6400B5E03B /* Info.plist */,
			);
			path = ProfileTests;
			sourceTree = "<group>";
		};
		D1183FFD25161E6400B5E03B /* ProfileUITests */ = {
			isa = PBXGroup;
			children = (
				D1183FFE25161E6400B5E03B /* ProfileUITests.swift */,
				D118400025161E6400B5E03B /* Info.plist */,
			);
			path = ProfileUITests;
			sourceTree = "<group>";
		};
/* End PBXGroup section */

/* Begin PBXNativeTarget section */
		D1183FD825161E6100B5E03B /* Profile */ = {
			isa = PBXNativeTarget;
			buildConfigurationList = D118400325161E6400B5E03B /* Build configuration list for PBXNativeTarget "Profile" */;
			buildPhases = (
				D1183FD525161E6100B5E03B /* Sources */,
				D1183FD625161E6100B5E03B /* Frameworks */,
				D1183FD725161E6100B5E03B /* Resources */,
			);
			buildRules = (
			);
			dependencies = (
			);
			name = Profile;
			productName = Profile;
			productReference = D1183FD925161E6100B5E03B /* Profile.app */;
			productType = "com.apple.product-type.application";
		};
		D1183FEE25161E6400B5E03B /* ProfileTests */ = {
			isa = PBXNativeTarget;
			buildConfigurationList = D118400625161E6400B5E03B /* Build configuration list for PBXNativeTarget "ProfileTests" */;
			buildPhases = (
				D1183FEB25161E6400B5E03B /* Sources */,
				D1183FEC25161E6400B5E03B /* Frameworks */,
				D1183FED25161E6400B5E03B /* Resources */,
			);
			buildRules = (
			);
			dependencies = (
				D1183FF125161E6400B5E03B /* PBXTargetDependency */,
			);
			name = ProfileTests;
			productName = ProfileTests;
			productReference = D1183FEF25161E6400B5E03B /* ProfileTests.xctest */;
			productType = "com.apple.product-type.bundle.unit-test";
		};
		D1183FF925161E6400B5E03B /* ProfileUITests */ = {
			isa = PBXNativeTarget;
			buildConfigurationList = D118400925161E6400B5E03B /* Build configuration list for PBXNativeTarget "ProfileUITests" */;
			buildPhases = (
				D1183FF625161E6400B5E03B /* Sources */,
				D1183FF725161E6400B5E03B /* Frameworks */,
				D1183FF825161E6400B5E03B /* Resources */,
			);
			buildRules = (
			);
			dependencies = (
				D1183FFC25161E6400B5E03B /* PBXTargetDependency */,
			);
			name = ProfileUITests;
			productName = ProfileUITests;
			productReference = D1183FFA25161E6400B5E03B /* ProfileUITests.xctest */;
			productType = "com.apple.product-type.bundle.ui-testing";
		};
/* End PBXNativeTarget section */

/* Begin PBXProject section */
		D1183FD125161E6100B5E03B /* Project object */ = {
			isa = PBXProject;
			attributes = {
				LastSwiftUpdateCheck = 1170;
				LastUpgradeCheck = 1170;
				ORGANIZATIONNAME = "関川隼人";
				TargetAttributes = {
					D1183FD825161E6100B5E03B = {
						CreatedOnToolsVersion = 11.7;
					};
					D1183FEE25161E6400B5E03B = {
						CreatedOnToolsVersion = 11.7;
						TestTargetID = D1183FD825161E6100B5E03B;
					};
					D1183FF925161E6400B5E03B = {
						CreatedOnToolsVersion = 11.7;
						TestTargetID = D1183FD825161E6100B5E03B;
					};
				};
			};
			buildConfigurationList = D1183FD425161E6100B5E03B /* Build configuration list for PBXProject "Profile" */;
			compatibilityVersion = "Xcode 9.3";
			developmentRegion = en;
			hasScannedForEncodings = 0;
			knownRegions = (
				en,
				Base,
			);
			mainGroup = D1183FD025161E6100B5E03B;
			productRefGroup = D1183FDA25161E6100B5E03B /* Products */;
			projectDirPath = "";
			projectRoot = "";
			targets = (
				D1183FD825161E6100B5E03B /* Profile */,
				D1183FEE25161E6400B5E03B /* ProfileTests */,
				D1183FF925161E6400B5E03B /* ProfileUITests */,
			);
		};
/* End PBXProject section */

/* Begin PBXResourcesBuildPhase section */
		D1183FD725161E6100B5E03B /* Resources */ = {
			isa = PBXResourcesBuildPhase;
			buildActionMask = 2147483647;
			files = (
				D1183FE925161E6300B5E03B /* LaunchScreen.storyboard in Resources */,
				D1183FE625161E6300B5E03B /* Assets.xcassets in Resources */,
				D1183FE425161E6100B5E03B /* Main.storyboard in Resources */,
			);
			runOnlyForDeploymentPostprocessing = 0;
		};
		D1183FED25161E6400B5E03B /* Resources */ = {
			isa = PBXResourcesBuildPhase;
			buildActionMask = 2147483647;
			files = (
			);
			runOnlyForDeploymentPostprocessing = 0;
		};
		D1183FF825161E6400B5E03B /* Resources */ = {
			isa = PBXResourcesBuildPhase;
			buildActionMask = 2147483647;
			files = (
			);
			runOnlyForDeploymentPostprocessing = 0;
		};
/* End PBXResourcesBuildPhase section */

/* Begin PBXSourcesBuildPhase section */
		D1183FD525161E6100B5E03B /* Sources */ = {
			isa = PBXSourcesBuildPhase;
			buildActionMask = 2147483647;
			files = (
				D1183FE125161E6100B5E03B /* ViewController.swift in Sources */,
				D1183FDD25161E6100B5E03B /* AppDelegate.swift in Sources */,
				D1183FDF25161E6100B5E03B /* SceneDelegate.swift in Sources */,
			);
			runOnlyForDeploymentPostprocessing = 0;
		};
		D1183FEB25161E6400B5E03B /* Sources */ = {
			isa = PBXSourcesBuildPhase;
			buildActionMask = 2147483647;
			files = (
				D1183FF425161E6400B5E03B /* ProfileTests.swift in Sources */,
			);
			runOnlyForDeploymentPostprocessing = 0;
		};
		D1183FF625161E6400B5E03B /* Sources */ = {
			isa = PBXSourcesBuildPhase;
			buildActionMask = 2147483647;
			files = (
				D1183FFF25161E6400B5E03B /* ProfileUITests.swift in Sources */,
			);
			runOnlyForDeploymentPostprocessing = 0;
		};
/* End PBXSourcesBuildPhase section */

/* Begin PBXTargetDependency section */
		D1183FF125161E6400B5E03B /* PBXTargetDependency */ = {
			isa = PBXTargetDependency;
			target = D1183FD825161E6100B5E03B /* Profile */;
			targetProxy = D1183FF025161E6400B5E03B /* PBXContainerItemProxy */;
		};
		D1183FFC25161E6400B5E03B /* PBXTargetDependency */ = {
			isa = PBXTargetDependency;
			target = D1183FD825161E6100B5E03B /* Profile */;
			targetProxy = D1183FFB25161E6400B5E03B /* PBXContainerItemProxy */;
		};
/* End PBXTargetDependency section */

/* Begin PBXVariantGroup section */
		D1183FE225161E6100B5E03B /* Main.storyboard */ = {
			isa = PBXVariantGroup;
			children = (
				D1183FE325161E6100B5E03B /* Base */,
			);
			name = Main.storyboard;
			sourceTree = "<group>";
		};
		D1183FE725161E6300B5E03B /* LaunchScreen.storyboard */ = {
			isa = PBXVariantGroup;
			children = (
				D1183FE825161E6300B5E03B /* Base */,
			);
			name = LaunchScreen.storyboard;
			sourceTree = "<group>";
		};
/* End PBXVariantGroup section */

/* Begin XCBuildConfiguration section */
		D118400125161E6400B5E03B /* Debug */ = {
			isa = XCBuildConfiguration;
			buildSettings = {
				ALWAYS_SEARCH_USER_PATHS = NO;
				CLANG_ANALYZER_NONNULL = YES;
				CLANG_ANALYZER_NUMBER_OBJECT_CONVERSION = YES_AGGRESSIVE;
				CLANG_CXX_LANGUAGE_STANDARD = "gnu++14";
				CLANG_CXX_LIBRARY = "libc++";
				CLANG_ENABLE_MODULES = YES;
				CLANG_ENABLE_OBJC_ARC = YES;
				CLANG_ENABLE_OBJC_WEAK = YES;
				CLANG_WARN_BLOCK_CAPTURE_AUTORELEASING = YES;
				CLANG_WARN_BOOL_CONVERSION = YES;
				CLANG_WARN_COMMA = YES;
				CLANG_WARN_CONSTANT_CONVERSION = YES;
				CLANG_WARN_DEPRECATED_OBJC_IMPLEMENTATIONS = YES;
				CLANG_WARN_DIRECT_OBJC_ISA_USAGE = YES_ERROR;
				CLANG_WARN_DOCUMENTATION_COMMENTS = YES;
				CLANG_WARN_EMPTY_BODY = YES;
				CLANG_WARN_ENUM_CONVERSION = YES;
				CLANG_WARN_INFINITE_RECURSION = YES;
				CLANG_WARN_INT_CONVERSION = YES;
				CLANG_WARN_NON_LITERAL_NULL_CONVERSION = YES;
				CLANG_WARN_OBJC_IMPLICIT_RETAIN_SELF = YES;
				CLANG_WARN_OBJC_LITERAL_CONVERSION = YES;
				CLANG_WARN_OBJC_ROOT_CLASS = YES_ERROR;
				CLANG_WARN_RANGE_LOOP_ANALYSIS = YES;
				CLANG_WARN_STRICT_PROTOTYPES = YES;
				CLANG_WARN_SUSPICIOUS_MOVE = YES;
				CLANG_WARN_UNGUARDED_AVAILABILITY = YES_AGGRESSIVE;
				CLANG_WARN_UNREACHABLE_CODE = YES;
				CLANG_WARN__DUPLICATE_METHOD_MATCH = YES;
				COPY_PHASE_STRIP = NO;
				DEBUG_INFORMATION_FORMAT = dwarf;
				ENABLE_STRICT_OBJC_MSGSEND = YES;
				ENABLE_TESTABILITY = YES;
				GCC_C_LANGUAGE_STANDARD = gnu11;
				GCC_DYNAMIC_NO_PIC = NO;
				GCC_NO_COMMON_BLOCKS = YES;
				GCC_OPTIMIZATION_LEVEL = 0;
				GCC_PREPROCESSOR_DEFINITIONS = (
					"DEBUG=1",
					"$(inherited)",
				);
				GCC_WARN_64_TO_32_BIT_CONVERSION = YES;
				GCC_WARN_ABOUT_RETURN_TYPE = YES_ERROR;
				GCC_WARN_UNDECLARED_SELECTOR = YES;
				GCC_WARN_UNINITIALIZED_AUTOS = YES_AGGRESSIVE;
				GCC_WARN_UNUSED_FUNCTION = YES;
				GCC_WARN_UNUSED_VARIABLE = YES;
				IPHONEOS_DEPLOYMENT_TARGET = 13.7;
				MTL_ENABLE_DEBUG_INFO = INCLUDE_SOURCE;
				MTL_FAST_MATH = YES;
				ONLY_ACTIVE_ARCH = YES;
				SDKROOT = iphoneos;
				SWIFT_ACTIVE_COMPILATION_CONDITIONS = DEBUG;
				SWIFT_OPTIMIZATION_LEVEL = "-Onone";
			};
			name = Debug;
		};
		D118400225161E6400B5E03B /* Release */ = {
			isa = XCBuildConfiguration;
			buildSettings = {
				ALWAYS_SEARCH_USER_PATHS = NO;
				CLANG_ANALYZER_NONNULL = YES;
				CLANG_ANALYZER_NUMBER_OBJECT_CONVERSION = YES_AGGRESSIVE;
				CLANG_CXX_LANGUAGE_STANDARD = "gnu++14";
				CLANG_CXX_LIBRARY = "libc++";
				CLANG_ENABLE_MODULES = YES;
				CLANG_ENABLE_OBJC_ARC = YES;
				CLANG_ENABLE_OBJC_WEAK = YES;
				CLANG_WARN_BLOCK_CAPTURE_AUTORELEASING = YES;
				CLANG_WARN_BOOL_CONVERSION = YES;
				CLANG_WARN_COMMA = YES;
				CLANG_WARN_CONSTANT_CONVERSION = YES;
				CLANG_WARN_DEPRECATED_OBJC_IMPLEMENTATIONS = YES;
				CLANG_WARN_DIRECT_OBJC_ISA_USAGE = YES_ERROR;
				CLANG_WARN_DOCUMENTATION_COMMENTS = YES;
				CLANG_WARN_EMPTY_BODY = YES;
				CLANG_WARN_ENUM_CONVERSION = YES;
				CLANG_WARN_INFINITE_RECURSION = YES;
				CLANG_WARN_INT_CONVERSION = YES;
				CLANG_WARN_NON_LITERAL_NULL_CONVERSION = YES;
				CLANG_WARN_OBJC_IMPLICIT_RETAIN_SELF = YES;
				CLANG_WARN_OBJC_LITERAL_CONVERSION = YES;
				CLANG_WARN_OBJC_ROOT_CLASS = YES_ERROR;
				CLANG_WARN_RANGE_LOOP_ANALYSIS = YES;
				CLANG_WARN_STRICT_PROTOTYPES = YES;
				CLANG_WARN_SUSPICIOUS_MOVE = YES;
				CLANG_WARN_UNGUARDED_AVAILABILITY = YES_AGGRESSIVE;
				CLANG_WARN_UNREACHABLE_CODE = YES;
				CLANG_WARN__DUPLICATE_METHOD_MATCH = YES;
				COPY_PHASE_STRIP = NO;
				DEBUG_INFORMATION_FORMAT = "dwarf-with-dsym";
				ENABLE_NS_ASSERTIONS = NO;
				ENABLE_STRICT_OBJC_MSGSEND = YES;
				GCC_C_LANGUAGE_STANDARD = gnu11;
				GCC_NO_COMMON_BLOCKS = YES;
				GCC_WARN_64_TO_32_BIT_CONVERSION = YES;
				GCC_WARN_ABOUT_RETURN_TYPE = YES_ERROR;
				GCC_WARN_UNDECLARED_SELECTOR = YES;
				GCC_WARN_UNINITIALIZED_AUTOS = YES_AGGRESSIVE;
				GCC_WARN_UNUSED_FUNCTION = YES;
				GCC_WARN_UNUSED_VARIABLE = YES;
				IPHONEOS_DEPLOYMENT_TARGET = 13.7;
				MTL_ENABLE_DEBUG_INFO = NO;
				MTL_FAST_MATH = YES;
				SDKROOT = iphoneos;
				SWIFT_COMPILATION_MODE = wholemodule;
				SWIFT_OPTIMIZATION_LEVEL = "-O";
				VALIDATE_PRODUCT = YES;
			};
			name = Release;
		};
		D118400425161E6400B5E03B /* Debug */ = {
			isa = XCBuildConfiguration;
			buildSettings = {
				ASSETCATALOG_COMPILER_APPICON_NAME = AppIcon;
				CODE_SIGN_STYLE = Automatic;
				INFOPLIST_FILE = Profile/Info.plist;
				LD_RUNPATH_SEARCH_PATHS = (
					"$(inherited)",
					"@executable_path/Frameworks",
				);
				PRODUCT_BUNDLE_IDENTIFIER = app.dump.Profile;
				PRODUCT_NAME = "$(TARGET_NAME)";
				SWIFT_VERSION = 5.0;
				TARGETED_DEVICE_FAMILY = "1,2";
			};
			name = Debug;
		};
		D118400525161E6400B5E03B /* Release */ = {
			isa = XCBuildConfiguration;
			buildSettings = {
				ASSETCATALOG_COMPILER_APPICON_NAME = AppIcon;
				CODE_SIGN_STYLE = Automatic;
				INFOPLIST_FILE = Profile/Info.plist;
				LD_RUNPATH_SEARCH_PATHS = (
					"$(inherited)",
					"@executable_path/Frameworks",
				);
				PRODUCT_BUNDLE_IDENTIFIER = app.dump.Profile;
				PRODUCT_NAME = "$(TARGET_NAME)";
				SWIFT_VERSION = 5.0;
				TARGETED_DEVICE_FAMILY = "1,2";
			};
			name = Release;
		};
		D118400725161E6400B5E03B /* Debug */ = {
			isa = XCBuildConfiguration;
			buildSettings = {
				ALWAYS_EMBED_SWIFT_STANDARD_LIBRARIES = YES;
				BUNDLE_LOADER = "$(TEST_HOST)";
				CODE_SIGN_STYLE = Automatic;
				INFOPLIST_FILE = ProfileTests/Info.plist;
				IPHONEOS_DEPLOYMENT_TARGET = 13.7;
				LD_RUNPATH_SEARCH_PATHS = (
					"$(inherited)",
					"@executable_path/Frameworks",
					"@loader_path/Frameworks",
				);
				PRODUCT_BUNDLE_IDENTIFIER = app.dump.ProfileTests;
				PRODUCT_NAME = "$(TARGET_NAME)";
				SWIFT_VERSION = 5.0;
				TARGETED_DEVICE_FAMILY = "1,2";
				TEST_HOST = "$(BUILT_PRODUCTS_DIR)/Profile.app/Profile";
			};
			name = Debug;
		};
		D118400825161E6400B5E03B /* Release */ = {
			isa = XCBuildConfiguration;
			buildSettings = {
				ALWAYS_EMBED_SWIFT_STANDARD_LIBRARIES = YES;
				BUNDLE_LOADER = "$(TEST_HOST)";
				CODE_SIGN_STYLE = Automatic;
				INFOPLIST_FILE = ProfileTests/Info.plist;
				IPHONEOS_DEPLOYMENT_TARGET = 13.7;
				LD_RUNPATH_SEARCH_PATHS = (
					"$(inherited)",
					"@executable_path/Frameworks",
					"@loader_path/Frameworks",
				);
				PRODUCT_BUNDLE_IDENTIFIER = app.dump.ProfileTests;
				PRODUCT_NAME = "$(TARGET_NAME)";
				SWIFT_VERSION = 5.0;
				TARGETED_DEVICE_FAMILY = "1,2";
				TEST_HOST = "$(BUILT_PRODUCTS_DIR)/Profile.app/Profile";
			};
			name = Release;
		};
		D118400A25161E6400B5E03B /* Debug */ = {
			isa = XCBuildConfiguration;
			buildSettings = {
				ALWAYS_EMBED_SWIFT_STANDARD_LIBRARIES = YES;
				CODE_SIGN_STYLE = Automatic;
				INFOPLIST_FILE = ProfileUITests/Info.plist;
				LD_RUNPATH_SEARCH_PATHS = (
					"$(inherited)",
					"@executable_path/Frameworks",
					"@loader_path/Frameworks",
				);
				PRODUCT_BUNDLE_IDENTIFIER = app.dump.ProfileUITests;
				PRODUCT_NAME = "$(TARGET_NAME)";
				SWIFT_VERSION = 5.0;
				TARGETED_DEVICE_FAMILY = "1,2";
				TEST_TARGET_NAME = Profile;
			};
			name = Debug;
		};
		D118400B25161E6400B5E03B /* Release */ = {
			isa = XCBuildConfiguration;
			buildSettings = {
				ALWAYS_EMBED_SWIFT_STANDARD_LIBRARIES = YES;
				CODE_SIGN_STYLE = Automatic;
				INFOPLIST_FILE = ProfileUITests/Info.plist;
				LD_RUNPATH_SEARCH_PATHS = (
					"$(inherited)",
					"@executable_path/Frameworks",
					"@loader_path/Frameworks",
				);
				PRODUCT_BUNDLE_IDENTIFIER = app.dump.ProfileUITests;
				PRODUCT_NAME = "$(TARGET_NAME)";
				SWIFT_VERSION = 5.0;
				TARGETED_DEVICE_FAMILY = "1,2";
				TEST_TARGET_NAME = Profile;
			};
			name = Release;
		};
/* End XCBuildConfiguration section */

/* Begin XCConfigurationList section */
		D1183FD425161E6100B5E03B /* Build configuration list for PBXProject "Profile" */ = {
			isa = XCConfigurationList;
			buildConfigurations = (
				D118400125161E6400B5E03B /* Debug */,
				D118400225161E6400B5E03B /* Release */,
			);
			defaultConfigurationIsVisible = 0;
			defaultConfigurationName = Release;
		};
		D118400325161E6400B5E03B /* Build configuration list for PBXNativeTarget "Profile" */ = {
			isa = XCConfigurationList;
			buildConfigurations = (
				D118400425161E6400B5E03B /* Debug */,
				D118400525161E6400B5E03B /* Release */,
			);
			defaultConfigurationIsVisible = 0;
			defaultConfigurationName = Release;
		};
		D118400625161E6400B5E03B /* Build configuration list for PBXNativeTarget "ProfileTests" */ = {
			isa = XCConfigurationList;
			buildConfigurations = (
				D118400725161E6400B5E03B /* Debug */,
				D118400825161E6400B5E03B /* Release */,
			);
			defaultConfigurationIsVisible = 0;
			defaultConfigurationName = Release;
		};
		D118400925161E6400B5E03B /* Build configuration list for PBXNativeTarget "ProfileUITests" */ = {
			isa = XCConfigurationList;
			buildConfigurations = (
				D118400A25161E6400B5E03B /* Debug */,
				D118400B25161E6400B5E03B /* Release */,
			);
			defaultConfigurationIsVisible = 0;
			defaultConfigurationName = Release;
		};
/* End XCConfigurationList section */
	};
	rootObject = D1183FD125161E6100B5E03B /* Project object */;
}
