// !$*UTF8*$!
{
	archiveVersion = 1;
	classes = {
	};
	objectVersion = 50;
	objects = {

/* Begin PBXBuildFile section */
		D1A69B3425160A3B0053D458 /* AppDelegate.swift in Sources */ = {isa = PBXBuildFile; fileRef = D1A69B3325160A3B0053D458 /* AppDelegate.swift */; };
		D1A69B3625160A3B0053D458 /* SceneDelegate.swift in Sources */ = {isa = PBXBuildFile; fileRef = D1A69B3525160A3B0053D458 /* SceneDelegate.swift */; };
		D1A69B3825160A3B0053D458 /* ViewController.swift in Sources */ = {isa = PBXBuildFile; fileRef = D1A69B3725160A3B0053D458 /* ViewController.swift */; };
		D1A69B3B25160A3B0053D458 /* Main.storyboard in Resources */ = {isa = PBXBuildFile; fileRef = D1A69B3925160A3B0053D458 /* Main.storyboard */; };
		D1A69B3D25160A410053D458 /* Assets.xcassets in Resources */ = {isa = PBXBuildFile; fileRef = D1A69B3C25160A410053D458 /* Assets.xcassets */; };
		D1A69B4025160A410053D458 /* LaunchScreen.storyboard in Resources */ = {isa = PBXBuildFile; fileRef = D1A69B3E25160A410053D458 /* LaunchScreen.storyboard */; };
		D1A69B4B25160A410053D458 /* CocoaPodsAppTests.swift in Sources */ = {isa = PBXBuildFile; fileRef = D1A69B4A25160A410053D458 /* CocoaPodsAppTests.swift */; };
		D1A69B5625160A410053D458 /* CocoaPodsAppUITests.swift in Sources */ = {isa = PBXBuildFile; fileRef = D1A69B5525160A410053D458 /* CocoaPodsAppUITests.swift */; };
		D1A69B6425160A600053D458 /* bg.jpg in Resources */ = {isa = PBXBuildFile; fileRef = D1A69B6325160A600053D458 /* bg.jpg */; };
		E43F99A1F99EF582EA3D1EB1 /* Pods_CocoaPodsApp_CocoaPodsAppUITests.framework in Frameworks */ = {isa = PBXBuildFile; fileRef = 5D3ADE680606924FC4B75BE7 /* Pods_CocoaPodsApp_CocoaPodsAppUITests.framework */; };
		E440E2EF8087041968B40048 /* Pods_CocoaPodsAppTests.framework in Frameworks */ = {isa = PBXBuildFile; fileRef = A50A910E21BCFD1F6D1D59FC /* Pods_CocoaPodsAppTests.framework */; };
		F67842DC530A8A87665449C2 /* Pods_CocoaPodsApp.framework in Frameworks */ = {isa = PBXBuildFile; fileRef = E1544207ABA2F11CBF851E79 /* Pods_CocoaPodsApp.framework */; };
/* End PBXBuildFile section */

/* Begin PBXContainerItemProxy section */
		D1A69B4725160A410053D458 /* PBXContainerItemProxy */ = {
			isa = PBXContainerItemProxy;
			containerPortal = D1A69B2825160A3B0053D458 /* Project object */;
			proxyType = 1;
			remoteGlobalIDString = D1A69B2F25160A3B0053D458;
			remoteInfo = CocoaPodsApp;
		};
		D1A69B5225160A410053D458 /* PBXContainerItemProxy */ = {
			isa = PBXContainerItemProxy;
			containerPortal = D1A69B2825160A3B0053D458 /* Project object */;
			proxyType = 1;
			remoteGlobalIDString = D1A69B2F25160A3B0053D458;
			remoteInfo = CocoaPodsApp;
		};
/* End PBXContainerItemProxy section */

/* Begin PBXFileReference section */
		1877A7F7E054452AC4A3AE21 /* Pods-CocoaPodsApp-CocoaPodsAppUITests.debug.xcconfig */ = {isa = PBXFileReference; includeInIndex = 1; lastKnownFileType = text.xcconfig; name = "Pods-CocoaPodsApp-CocoaPodsAppUITests.debug.xcconfig"; path = "Target Support Files/Pods-CocoaPodsApp-CocoaPodsAppUITests/Pods-CocoaPodsApp-CocoaPodsAppUITests.debug.xcconfig"; sourceTree = "<group>"; };
		3597ADA6CC762DEAE30D6194 /* Pods-CocoaPodsApp-CocoaPodsAppUITests.release.xcconfig */ = {isa = PBXFileReference; includeInIndex = 1; lastKnownFileType = text.xcconfig; name = "Pods-CocoaPodsApp-CocoaPodsAppUITests.release.xcconfig"; path = "Target Support Files/Pods-CocoaPodsApp-CocoaPodsAppUITests/Pods-CocoaPodsApp-CocoaPodsAppUITests.release.xcconfig"; sourceTree = "<group>"; };
		5D3ADE680606924FC4B75BE7 /* Pods_CocoaPodsApp_CocoaPodsAppUITests.framework */ = {isa = PBXFileReference; explicitFileType = wrapper.framework; includeInIndex = 0; path = Pods_CocoaPodsApp_CocoaPodsAppUITests.framework; sourceTree = BUILT_PRODUCTS_DIR; };
		A50A910E21BCFD1F6D1D59FC /* Pods_CocoaPodsAppTests.framework */ = {isa = PBXFileReference; explicitFileType = wrapper.framework; includeInIndex = 0; path = Pods_CocoaPodsAppTests.framework; sourceTree = BUILT_PRODUCTS_DIR; };
		B08DA7BD39109B5D730AC409 /* Pods-CocoaPodsApp.debug.xcconfig */ = {isa = PBXFileReference; includeInIndex = 1; lastKnownFileType = text.xcconfig; name = "Pods-CocoaPodsApp.debug.xcconfig"; path = "Target Support Files/Pods-CocoaPodsApp/Pods-CocoaPodsApp.debug.xcconfig"; sourceTree = "<group>"; };
		BA00A476AB8B272B3B5BC71D /* Pods-CocoaPodsAppTests.release.xcconfig */ = {isa = PBXFileReference; includeInIndex = 1; lastKnownFileType = text.xcconfig; name = "Pods-CocoaPodsAppTests.release.xcconfig"; path = "Target Support Files/Pods-CocoaPodsAppTests/Pods-CocoaPodsAppTests.release.xcconfig"; sourceTree = "<group>"; };
		C33A81FEC0EBD8A493835CE0 /* Pods-CocoaPodsApp.release.xcconfig */ = {isa = PBXFileReference; includeInIndex = 1; lastKnownFileType = text.xcconfig; name = "Pods-CocoaPodsApp.release.xcconfig"; path = "Target Support Files/Pods-CocoaPodsApp/Pods-CocoaPodsApp.release.xcconfig"; sourceTree = "<group>"; };
		D1A69B3025160A3B0053D458 /* CocoaPodsApp.app */ = {isa = PBXFileReference; explicitFileType = wrapper.application; includeInIndex = 0; path = CocoaPodsApp.app; sourceTree = BUILT_PRODUCTS_DIR; };
		D1A69B3325160A3B0053D458 /* AppDelegate.swift */ = {isa = PBXFileReference; lastKnownFileType = sourcecode.swift; path = AppDelegate.swift; sourceTree = "<group>"; };
		D1A69B3525160A3B0053D458 /* SceneDelegate.swift */ = {isa = PBXFileReference; lastKnownFileType = sourcecode.swift; path = SceneDelegate.swift; sourceTree = "<group>"; };
		D1A69B3725160A3B0053D458 /* ViewController.swift */ = {isa = PBXFileReference; lastKnownFileType = sourcecode.swift; path = ViewController.swift; sourceTree = "<group>"; };
		D1A69B3A25160A3B0053D458 /* Base */ = {isa = PBXFileReference; lastKnownFileType = file.storyboard; name = Base; path = Base.lproj/Main.storyboard; sourceTree = "<group>"; };
		D1A69B3C25160A410053D458 /* Assets.xcassets */ = {isa = PBXFileReference; lastKnownFileType = folder.assetcatalog; path = Assets.xcassets; sourceTree = "<group>"; };
		D1A69B3F25160A410053D458 /* Base */ = {isa = PBXFileReference; lastKnownFileType = file.storyboard; name = Base; path = Base.lproj/LaunchScreen.storyboard; sourceTree = "<group>"; };
		D1A69B4125160A410053D458 /* Info.plist */ = {isa = PBXFileReference; lastKnownFileType = text.plist.xml; path = Info.plist; sourceTree = "<group>"; };
		D1A69B4625160A410053D458 /* CocoaPodsAppTests.xctest */ = {isa = PBXFileReference; explicitFileType = wrapper.cfbundle; includeInIndex = 0; path = CocoaPodsAppTests.xctest; sourceTree = BUILT_PRODUCTS_DIR; };
		D1A69B4A25160A410053D458 /* CocoaPodsAppTests.swift */ = {isa = PBXFileReference; lastKnownFileType = sourcecode.swift; path = CocoaPodsAppTests.swift; sourceTree = "<group>"; };
		D1A69B4C25160A410053D458 /* Info.plist */ = {isa = PBXFileReference; lastKnownFileType = text.plist.xml; path = Info.plist; sourceTree = "<group>"; };
		D1A69B5125160A410053D458 /* CocoaPodsAppUITests.xctest */ = {isa = PBXFileReference; explicitFileType = wrapper.cfbundle; includeInIndex = 0; path = CocoaPodsAppUITests.xctest; sourceTree = BUILT_PRODUCTS_DIR; };
		D1A69B5525160A410053D458 /* CocoaPodsAppUITests.swift */ = {isa = PBXFileReference; lastKnownFileType = sourcecode.swift; path = CocoaPodsAppUITests.swift; sourceTree = "<group>"; };
		D1A69B5725160A410053D458 /* Info.plist */ = {isa = PBXFileReference; lastKnownFileType = text.plist.xml; path = Info.plist; sourceTree = "<group>"; };
		D1A69B6325160A600053D458 /* bg.jpg */ = {isa = PBXFileReference; lastKnownFileType = image.jpeg; name = bg.jpg; path = ../../Count/Count/bg.jpg; sourceTree = "<group>"; };
		E1544207ABA2F11CBF851E79 /* Pods_CocoaPodsApp.framework */ = {isa = PBXFileReference; explicitFileType = wrapper.framework; includeInIndex = 0; path = Pods_CocoaPodsApp.framework; sourceTree = BUILT_PRODUCTS_DIR; };
		E6A53773F9E18DAAF8C732D6 /* Pods-CocoaPodsAppTests.debug.xcconfig */ = {isa = PBXFileReference; includeInIndex = 1; lastKnownFileType = text.xcconfig; name = "Pods-CocoaPodsAppTests.debug.xcconfig"; path = "Target Support Files/Pods-CocoaPodsAppTests/Pods-CocoaPodsAppTests.debug.xcconfig"; sourceTree = "<group>"; };
/* End PBXFileReference section */

/* Begin PBXFrameworksBuildPhase section */
		D1A69B2D25160A3B0053D458 /* Frameworks */ = {
			isa = PBXFrameworksBuildPhase;
			buildActionMask = 2147483647;
			files = (
				F67842DC530A8A87665449C2 /* Pods_CocoaPodsApp.framework in Frameworks */,
			);
			runOnlyForDeploymentPostprocessing = 0;
		};
		D1A69B4325160A410053D458 /* Frameworks */ = {
			isa = PBXFrameworksBuildPhase;
			buildActionMask = 2147483647;
			files = (
				E440E2EF8087041968B40048 /* Pods_CocoaPodsAppTests.framework in Frameworks */,
			);
			runOnlyForDeploymentPostprocessing = 0;
		};
		D1A69B4E25160A410053D458 /* Frameworks */ = {
			isa = PBXFrameworksBuildPhase;
			buildActionMask = 2147483647;
			files = (
				E43F99A1F99EF582EA3D1EB1 /* Pods_CocoaPodsApp_CocoaPodsAppUITests.framework in Frameworks */,
			);
			runOnlyForDeploymentPostprocessing = 0;
		};
/* End PBXFrameworksBuildPhase section */

/* Begin PBXGroup section */
		85AA6525D976355C64FBC491 /* Pods */ = {
			isa = PBXGroup;
			children = (
				B08DA7BD39109B5D730AC409 /* Pods-CocoaPodsApp.debug.xcconfig */,
				C33A81FEC0EBD8A493835CE0 /* Pods-CocoaPodsApp.release.xcconfig */,
				1877A7F7E054452AC4A3AE21 /* Pods-CocoaPodsApp-CocoaPodsAppUITests.debug.xcconfig */,
				3597ADA6CC762DEAE30D6194 /* Pods-CocoaPodsApp-CocoaPodsAppUITests.release.xcconfig */,
				E6A53773F9E18DAAF8C732D6 /* Pods-CocoaPodsAppTests.debug.xcconfig */,
				BA00A476AB8B272B3B5BC71D /* Pods-CocoaPodsAppTests.release.xcconfig */,
			);
			name = Pods;
			path = Pods;
			sourceTree = "<group>";
		};
		D1A69B2725160A3B0053D458 = {
			isa = PBXGroup;
			children = (
				D1A69B3225160A3B0053D458 /* CocoaPodsApp */,
				D1A69B4925160A410053D458 /* CocoaPodsAppTests */,
				D1A69B5425160A410053D458 /* CocoaPodsAppUITests */,
				D1A69B3125160A3B0053D458 /* Products */,
				85AA6525D976355C64FBC491 /* Pods */,
				F5A72CFDA68DBB98C6BBFA12 /* Frameworks */,
			);
			sourceTree = "<group>";
		};
		D1A69B3125160A3B0053D458 /* Products */ = {
			isa = PBXGroup;
			children = (
				D1A69B3025160A3B0053D458 /* CocoaPodsApp.app */,
				D1A69B4625160A410053D458 /* CocoaPodsAppTests.xctest */,
				D1A69B5125160A410053D458 /* CocoaPodsAppUITests.xctest */,
			);
			name = Products;
			sourceTree = "<group>";
		};
		D1A69B3225160A3B0053D458 /* CocoaPodsApp */ = {
			isa = PBXGroup;
			children = (
				D1A69B6325160A600053D458 /* bg.jpg */,
				D1A69B3325160A3B0053D458 /* AppDelegate.swift */,
				D1A69B3525160A3B0053D458 /* SceneDelegate.swift */,
				D1A69B3725160A3B0053D458 /* ViewController.swift */,
				D1A69B3925160A3B0053D458 /* Main.storyboard */,
				D1A69B3C25160A410053D458 /* Assets.xcassets */,
				D1A69B3E25160A410053D458 /* LaunchScreen.storyboard */,
				D1A69B4125160A410053D458 /* Info.plist */,
			);
			path = CocoaPodsApp;
			sourceTree = "<group>";
		};
		D1A69B4925160A410053D458 /* CocoaPodsAppTests */ = {
			isa = PBXGroup;
			children = (
				D1A69B4A25160A410053D458 /* CocoaPodsAppTests.swift */,
				D1A69B4C25160A410053D458 /* Info.plist */,
			);
			path = CocoaPodsAppTests;
			sourceTree = "<group>";
		};
		D1A69B5425160A410053D458 /* CocoaPodsAppUITests */ = {
			isa = PBXGroup;
			children = (
				D1A69B5525160A410053D458 /* CocoaPodsAppUITests.swift */,
				D1A69B5725160A410053D458 /* Info.plist */,
			);
			path = CocoaPodsAppUITests;
			sourceTree = "<group>";
		};
		F5A72CFDA68DBB98C6BBFA12 /* Frameworks */ = {
			isa = PBXGroup;
			children = (
				E1544207ABA2F11CBF851E79 /* Pods_CocoaPodsApp.framework */,
				5D3ADE680606924FC4B75BE7 /* Pods_CocoaPodsApp_CocoaPodsAppUITests.framework */,
				A50A910E21BCFD1F6D1D59FC /* Pods_CocoaPodsAppTests.framework */,
			);
			name = Frameworks;
			sourceTree = "<group>";
		};
/* End PBXGroup section */

/* Begin PBXNativeTarget section */
		D1A69B2F25160A3B0053D458 /* CocoaPodsApp */ = {
			isa = PBXNativeTarget;
			buildConfigurationList = D1A69B5A25160A410053D458 /* Build configuration list for PBXNativeTarget "CocoaPodsApp" */;
			buildPhases = (
				EAE5AE9D22B5F7E902638586 /* [CP] Check Pods Manifest.lock */,
				D1A69B2C25160A3B0053D458 /* Sources */,
				D1A69B2D25160A3B0053D458 /* Frameworks */,
				D1A69B2E25160A3B0053D458 /* Resources */,
				671B8FD119049CD0EFA55546 /* [CP] Embed Pods Frameworks */,
			);
			buildRules = (
			);
			dependencies = (
			);
			name = CocoaPodsApp;
			productName = CocoaPodsApp;
			productReference = D1A69B3025160A3B0053D458 /* CocoaPodsApp.app */;
			productType = "com.apple.product-type.application";
		};
		D1A69B4525160A410053D458 /* CocoaPodsAppTests */ = {
			isa = PBXNativeTarget;
			buildConfigurationList = D1A69B5D25160A410053D458 /* Build configuration list for PBXNativeTarget "CocoaPodsAppTests" */;
			buildPhases = (
				E45784EA363FF78300594BE2 /* [CP] Check Pods Manifest.lock */,
				D1A69B4225160A410053D458 /* Sources */,
				D1A69B4325160A410053D458 /* Frameworks */,
				D1A69B4425160A410053D458 /* Resources */,
			);
			buildRules = (
			);
			dependencies = (
				D1A69B4825160A410053D458 /* PBXTargetDependency */,
			);
			name = CocoaPodsAppTests;
			productName = CocoaPodsAppTests;
			productReference = D1A69B4625160A410053D458 /* CocoaPodsAppTests.xctest */;
			productType = "com.apple.product-type.bundle.unit-test";
		};
		D1A69B5025160A410053D458 /* CocoaPodsAppUITests */ = {
			isa = PBXNativeTarget;
			buildConfigurationList = D1A69B6025160A410053D458 /* Build configuration list for PBXNativeTarget "CocoaPodsAppUITests" */;
			buildPhases = (
				CD8E62833D4C2E7C30C6E881 /* [CP] Check Pods Manifest.lock */,
				D1A69B4D25160A410053D458 /* Sources */,
				D1A69B4E25160A410053D458 /* Frameworks */,
				D1A69B4F25160A410053D458 /* Resources */,
				F95DC7B7D36EB7EB0FC61FEE /* [CP] Embed Pods Frameworks */,
			);
			buildRules = (
			);
			dependencies = (
				D1A69B5325160A410053D458 /* PBXTargetDependency */,
			);
			name = CocoaPodsAppUITests;
			productName = CocoaPodsAppUITests;
			productReference = D1A69B5125160A410053D458 /* CocoaPodsAppUITests.xctest */;
			productType = "com.apple.product-type.bundle.ui-testing";
		};
/* End PBXNativeTarget section */

/* Begin PBXProject section */
		D1A69B2825160A3B0053D458 /* Project object */ = {
			isa = PBXProject;
			attributes = {
				LastSwiftUpdateCheck = 1170;
				LastUpgradeCheck = 1170;
				ORGANIZATIONNAME = "関川隼人";
				TargetAttributes = {
					D1A69B2F25160A3B0053D458 = {
						CreatedOnToolsVersion = 11.7;
					};
					D1A69B4525160A410053D458 = {
						CreatedOnToolsVersion = 11.7;
						TestTargetID = D1A69B2F25160A3B0053D458;
					};
					D1A69B5025160A410053D458 = {
						CreatedOnToolsVersion = 11.7;
						TestTargetID = D1A69B2F25160A3B0053D458;
					};
				};
			};
			buildConfigurationList = D1A69B2B25160A3B0053D458 /* Build configuration list for PBXProject "CocoaPodsApp" */;
			compatibilityVersion = "Xcode 9.3";
			developmentRegion = en;
			hasScannedForEncodings = 0;
			knownRegions = (
				en,
				Base,
			);
			mainGroup = D1A69B2725160A3B0053D458;
			productRefGroup = D1A69B3125160A3B0053D458 /* Products */;
			projectDirPath = "";
			projectRoot = "";
			targets = (
				D1A69B2F25160A3B0053D458 /* CocoaPodsApp */,
				D1A69B4525160A410053D458 /* CocoaPodsAppTests */,
				D1A69B5025160A410053D458 /* CocoaPodsAppUITests */,
			);
		};
/* End PBXProject section */

/* Begin PBXResourcesBuildPhase section */
		D1A69B2E25160A3B0053D458 /* Resources */ = {
			isa = PBXResourcesBuildPhase;
			buildActionMask = 2147483647;
			files = (
				D1A69B4025160A410053D458 /* LaunchScreen.storyboard in Resources */,
				D1A69B3D25160A410053D458 /* Assets.xcassets in Resources */,
				D1A69B6425160A600053D458 /* bg.jpg in Resources */,
				D1A69B3B25160A3B0053D458 /* Main.storyboard in Resources */,
			);
			runOnlyForDeploymentPostprocessing = 0;
		};
		D1A69B4425160A410053D458 /* Resources */ = {
			isa = PBXResourcesBuildPhase;
			buildActionMask = 2147483647;
			files = (
			);
			runOnlyForDeploymentPostprocessing = 0;
		};
		D1A69B4F25160A410053D458 /* Resources */ = {
			isa = PBXResourcesBuildPhase;
			buildActionMask = 2147483647;
			files = (
			);
			runOnlyForDeploymentPostprocessing = 0;
		};
/* End PBXResourcesBuildPhase section */

/* Begin PBXShellScriptBuildPhase section */
		671B8FD119049CD0EFA55546 /* [CP] Embed Pods Frameworks */ = {
			isa = PBXShellScriptBuildPhase;
			buildActionMask = 2147483647;
			files = (
			);
			inputFileListPaths = (
				"${PODS_ROOT}/Target Support Files/Pods-CocoaPodsApp/Pods-CocoaPodsApp-frameworks-${CONFIGURATION}-input-files.xcfilelist",
			);
			name = "[CP] Embed Pods Frameworks";
			outputFileListPaths = (
				"${PODS_ROOT}/Target Support Files/Pods-CocoaPodsApp/Pods-CocoaPodsApp-frameworks-${CONFIGURATION}-output-files.xcfilelist",
			);
			runOnlyForDeploymentPostprocessing = 0;
			shellPath = /bin/sh;
			shellScript = "\"${PODS_ROOT}/Target Support Files/Pods-CocoaPodsApp/Pods-CocoaPodsApp-frameworks.sh\"\n";
			showEnvVarsInLog = 0;
		};
		CD8E62833D4C2E7C30C6E881 /* [CP] Check Pods Manifest.lock */ = {
			isa = PBXShellScriptBuildPhase;
			buildActionMask = 2147483647;
			files = (
			);
			inputFileListPaths = (
			);
			inputPaths = (
				"${PODS_PODFILE_DIR_PATH}/Podfile.lock",
				"${PODS_ROOT}/Manifest.lock",
			);
			name = "[CP] Check Pods Manifest.lock";
			outputFileListPaths = (
			);
			outputPaths = (
				"$(DERIVED_FILE_DIR)/Pods-CocoaPodsApp-CocoaPodsAppUITests-checkManifestLockResult.txt",
			);
			runOnlyForDeploymentPostprocessing = 0;
			shellPath = /bin/sh;
			shellScript = "diff \"${PODS_PODFILE_DIR_PATH}/Podfile.lock\" \"${PODS_ROOT}/Manifest.lock\" > /dev/null\nif [ $? != 0 ] ; then\n    # print error to STDERR\n    echo \"error: The sandbox is not in sync with the Podfile.lock. Run 'pod install' or update your CocoaPods installation.\" >&2\n    exit 1\nfi\n# This output is used by Xcode 'outputs' to avoid re-running this script phase.\necho \"SUCCESS\" > \"${SCRIPT_OUTPUT_FILE_0}\"\n";
			showEnvVarsInLog = 0;
		};
		E45784EA363FF78300594BE2 /* [CP] Check Pods Manifest.lock */ = {
			isa = PBXShellScriptBuildPhase;
			buildActionMask = 2147483647;
			files = (
			);
			inputFileListPaths = (
			);
			inputPaths = (
				"${PODS_PODFILE_DIR_PATH}/Podfile.lock",
				"${PODS_ROOT}/Manifest.lock",
			);
			name = "[CP] Check Pods Manifest.lock";
			outputFileListPaths = (
			);
			outputPaths = (
				"$(DERIVED_FILE_DIR)/Pods-CocoaPodsAppTests-checkManifestLockResult.txt",
			);
			runOnlyForDeploymentPostprocessing = 0;
			shellPath = /bin/sh;
			shellScript = "diff \"${PODS_PODFILE_DIR_PATH}/Podfile.lock\" \"${PODS_ROOT}/Manifest.lock\" > /dev/null\nif [ $? != 0 ] ; then\n    # print error to STDERR\n    echo \"error: The sandbox is not in sync with the Podfile.lock. Run 'pod install' or update your CocoaPods installation.\" >&2\n    exit 1\nfi\n# This output is used by Xcode 'outputs' to avoid re-running this script phase.\necho \"SUCCESS\" > \"${SCRIPT_OUTPUT_FILE_0}\"\n";
			showEnvVarsInLog = 0;
		};
		EAE5AE9D22B5F7E902638586 /* [CP] Check Pods Manifest.lock */ = {
			isa = PBXShellScriptBuildPhase;
			buildActionMask = 2147483647;
			files = (
			);
			inputFileListPaths = (
			);
			inputPaths = (
				"${PODS_PODFILE_DIR_PATH}/Podfile.lock",
				"${PODS_ROOT}/Manifest.lock",
			);
			name = "[CP] Check Pods Manifest.lock";
			outputFileListPaths = (
			);
			outputPaths = (
				"$(DERIVED_FILE_DIR)/Pods-CocoaPodsApp-checkManifestLockResult.txt",
			);
			runOnlyForDeploymentPostprocessing = 0;
			shellPath = /bin/sh;
			shellScript = "diff \"${PODS_PODFILE_DIR_PATH}/Podfile.lock\" \"${PODS_ROOT}/Manifest.lock\" > /dev/null\nif [ $? != 0 ] ; then\n    # print error to STDERR\n    echo \"error: The sandbox is not in sync with the Podfile.lock. Run 'pod install' or update your CocoaPods installation.\" >&2\n    exit 1\nfi\n# This output is used by Xcode 'outputs' to avoid re-running this script phase.\necho \"SUCCESS\" > \"${SCRIPT_OUTPUT_FILE_0}\"\n";
			showEnvVarsInLog = 0;
		};
		F95DC7B7D36EB7EB0FC61FEE /* [CP] Embed Pods Frameworks */ = {
			isa = PBXShellScriptBuildPhase;
			buildActionMask = 2147483647;
			files = (
			);
			inputFileListPaths = (
				"${PODS_ROOT}/Target Support Files/Pods-CocoaPodsApp-CocoaPodsAppUITests/Pods-CocoaPodsApp-CocoaPodsAppUITests-frameworks-${CONFIGURATION}-input-files.xcfilelist",
			);
			name = "[CP] Embed Pods Frameworks";
			outputFileListPaths = (
				"${PODS_ROOT}/Target Support Files/Pods-CocoaPodsApp-CocoaPodsAppUITests/Pods-CocoaPodsApp-CocoaPodsAppUITests-frameworks-${CONFIGURATION}-output-files.xcfilelist",
			);
			runOnlyForDeploymentPostprocessing = 0;
			shellPath = /bin/sh;
			shellScript = "\"${PODS_ROOT}/Target Support Files/Pods-CocoaPodsApp-CocoaPodsAppUITests/Pods-CocoaPodsApp-CocoaPodsAppUITests-frameworks.sh\"\n";
			showEnvVarsInLog = 0;
		};
/* End PBXShellScriptBuildPhase section */

/* Begin PBXSourcesBuildPhase section */
		D1A69B2C25160A3B0053D458 /* Sources */ = {
			isa = PBXSourcesBuildPhase;
			buildActionMask = 2147483647;
			files = (
				D1A69B3825160A3B0053D458 /* ViewController.swift in Sources */,
				D1A69B3425160A3B0053D458 /* AppDelegate.swift in Sources */,
				D1A69B3625160A3B0053D458 /* SceneDelegate.swift in Sources */,
			);
			runOnlyForDeploymentPostprocessing = 0;
		};
		D1A69B4225160A410053D458 /* Sources */ = {
			isa = PBXSourcesBuildPhase;
			buildActionMask = 2147483647;
			files = (
				D1A69B4B25160A410053D458 /* CocoaPodsAppTests.swift in Sources */,
			);
			runOnlyForDeploymentPostprocessing = 0;
		};
		D1A69B4D25160A410053D458 /* Sources */ = {
			isa = PBXSourcesBuildPhase;
			buildActionMask = 2147483647;
			files = (
				D1A69B5625160A410053D458 /* CocoaPodsAppUITests.swift in Sources */,
			);
			runOnlyForDeploymentPostprocessing = 0;
		};
/* End PBXSourcesBuildPhase section */

/* Begin PBXTargetDependency section */
		D1A69B4825160A410053D458 /* PBXTargetDependency */ = {
			isa = PBXTargetDependency;
			target = D1A69B2F25160A3B0053D458 /* CocoaPodsApp */;
			targetProxy = D1A69B4725160A410053D458 /* PBXContainerItemProxy */;
		};
		D1A69B5325160A410053D458 /* PBXTargetDependency */ = {
			isa = PBXTargetDependency;
			target = D1A69B2F25160A3B0053D458 /* CocoaPodsApp */;
			targetProxy = D1A69B5225160A410053D458 /* PBXContainerItemProxy */;
		};
/* End PBXTargetDependency section */

/* Begin PBXVariantGroup section */
		D1A69B3925160A3B0053D458 /* Main.storyboard */ = {
			isa = PBXVariantGroup;
			children = (
				D1A69B3A25160A3B0053D458 /* Base */,
			);
			name = Main.storyboard;
			sourceTree = "<group>";
		};
		D1A69B3E25160A410053D458 /* LaunchScreen.storyboard */ = {
			isa = PBXVariantGroup;
			children = (
				D1A69B3F25160A410053D458 /* Base */,
			);
			name = LaunchScreen.storyboard;
			sourceTree = "<group>";
		};
/* End PBXVariantGroup section */

/* Begin XCBuildConfiguration section */
		D1A69B5825160A410053D458 /* Debug */ = {
			isa = XCBuildConfiguration;
			buildSettings = {
				ALWAYS_SEARCH_USER_PATHS = NO;
				CLANG_ANALYZER_NONNULL = YES;
				CLANG_ANALYZER_NUMBER_OBJECT_CONVERSION = YES_AGGRESSIVE;
				CLANG_CXX_LANGUAGE_STANDARD = "gnu++14";
				CLANG_CXX_LIBRARY = "libc++";
				CLANG_ENABLE_MODULES = YES;
				CLANG_ENABLE_OBJC_ARC = YES;
				CLANG_ENABLE_OBJC_WEAK = YES;
				CLANG_WARN_BLOCK_CAPTURE_AUTORELEASING = YES;
				CLANG_WARN_BOOL_CONVERSION = YES;
				CLANG_WARN_COMMA = YES;
				CLANG_WARN_CONSTANT_CONVERSION = YES;
				CLANG_WARN_DEPRECATED_OBJC_IMPLEMENTATIONS = YES;
				CLANG_WARN_DIRECT_OBJC_ISA_USAGE = YES_ERROR;
				CLANG_WARN_DOCUMENTATION_COMMENTS = YES;
				CLANG_WARN_EMPTY_BODY = YES;
				CLANG_WARN_ENUM_CONVERSION = YES;
				CLANG_WARN_INFINITE_RECURSION = YES;
				CLANG_WARN_INT_CONVERSION = YES;
				CLANG_WARN_NON_LITERAL_NULL_CONVERSION = YES;
				CLANG_WARN_OBJC_IMPLICIT_RETAIN_SELF = YES;
				CLANG_WARN_OBJC_LITERAL_CONVERSION = YES;
				CLANG_WARN_OBJC_ROOT_CLASS = YES_ERROR;
				CLANG_WARN_RANGE_LOOP_ANALYSIS = YES;
				CLANG_WARN_STRICT_PROTOTYPES = YES;
				CLANG_WARN_SUSPICIOUS_MOVE = YES;
				CLANG_WARN_UNGUARDED_AVAILABILITY = YES_AGGRESSIVE;
				CLANG_WARN_UNREACHABLE_CODE = YES;
				CLANG_WARN__DUPLICATE_METHOD_MATCH = YES;
				COPY_PHASE_STRIP = NO;
				DEBUG_INFORMATION_FORMAT = dwarf;
				ENABLE_STRICT_OBJC_MSGSEND = YES;
				ENABLE_TESTABILITY = YES;
				GCC_C_LANGUAGE_STANDARD = gnu11;
				GCC_DYNAMIC_NO_PIC = NO;
				GCC_NO_COMMON_BLOCKS = YES;
				GCC_OPTIMIZATION_LEVEL = 0;
				GCC_PREPROCESSOR_DEFINITIONS = (
					"DEBUG=1",
					"$(inherited)",
				);
				GCC_WARN_64_TO_32_BIT_CONVERSION = YES;
				GCC_WARN_ABOUT_RETURN_TYPE = YES_ERROR;
				GCC_WARN_UNDECLARED_SELECTOR = YES;
				GCC_WARN_UNINITIALIZED_AUTOS = YES_AGGRESSIVE;
				GCC_WARN_UNUSED_FUNCTION = YES;
				GCC_WARN_UNUSED_VARIABLE = YES;
				IPHONEOS_DEPLOYMENT_TARGET = 13.7;
				MTL_ENABLE_DEBUG_INFO = INCLUDE_SOURCE;
				MTL_FAST_MATH = YES;
				ONLY_ACTIVE_ARCH = YES;
				SDKROOT = iphoneos;
				SWIFT_ACTIVE_COMPILATION_CONDITIONS = DEBUG;
				SWIFT_OPTIMIZATION_LEVEL = "-Onone";
			};
			name = Debug;
		};
		D1A69B5925160A410053D458 /* Release */ = {
			isa = XCBuildConfiguration;
			buildSettings = {
				ALWAYS_SEARCH_USER_PATHS = NO;
				CLANG_ANALYZER_NONNULL = YES;
				CLANG_ANALYZER_NUMBER_OBJECT_CONVERSION = YES_AGGRESSIVE;
				CLANG_CXX_LANGUAGE_STANDARD = "gnu++14";
				CLANG_CXX_LIBRARY = "libc++";
				CLANG_ENABLE_MODULES = YES;
				CLANG_ENABLE_OBJC_ARC = YES;
				CLANG_ENABLE_OBJC_WEAK = YES;
				CLANG_WARN_BLOCK_CAPTURE_AUTORELEASING = YES;
				CLANG_WARN_BOOL_CONVERSION = YES;
				CLANG_WARN_COMMA = YES;
				CLANG_WARN_CONSTANT_CONVERSION = YES;
				CLANG_WARN_DEPRECATED_OBJC_IMPLEMENTATIONS = YES;
				CLANG_WARN_DIRECT_OBJC_ISA_USAGE = YES_ERROR;
				CLANG_WARN_DOCUMENTATION_COMMENTS = YES;
				CLANG_WARN_EMPTY_BODY = YES;
				CLANG_WARN_ENUM_CONVERSION = YES;
				CLANG_WARN_INFINITE_RECURSION = YES;
				CLANG_WARN_INT_CONVERSION = YES;
				CLANG_WARN_NON_LITERAL_NULL_CONVERSION = YES;
				CLANG_WARN_OBJC_IMPLICIT_RETAIN_SELF = YES;
				CLANG_WARN_OBJC_LITERAL_CONVERSION = YES;
				CLANG_WARN_OBJC_ROOT_CLASS = YES_ERROR;
				CLANG_WARN_RANGE_LOOP_ANALYSIS = YES;
				CLANG_WARN_STRICT_PROTOTYPES = YES;
				CLANG_WARN_SUSPICIOUS_MOVE = YES;
				CLANG_WARN_UNGUARDED_AVAILABILITY = YES_AGGRESSIVE;
				CLANG_WARN_UNREACHABLE_CODE = YES;
				CLANG_WARN__DUPLICATE_METHOD_MATCH = YES;
				COPY_PHASE_STRIP = NO;
				DEBUG_INFORMATION_FORMAT = "dwarf-with-dsym";
				ENABLE_NS_ASSERTIONS = NO;
				ENABLE_STRICT_OBJC_MSGSEND = YES;
				GCC_C_LANGUAGE_STANDARD = gnu11;
				GCC_NO_COMMON_BLOCKS = YES;
				GCC_WARN_64_TO_32_BIT_CONVERSION = YES;
				GCC_WARN_ABOUT_RETURN_TYPE = YES_ERROR;
				GCC_WARN_UNDECLARED_SELECTOR = YES;
				GCC_WARN_UNINITIALIZED_AUTOS = YES_AGGRESSIVE;
				GCC_WARN_UNUSED_FUNCTION = YES;
				GCC_WARN_UNUSED_VARIABLE = YES;
				IPHONEOS_DEPLOYMENT_TARGET = 13.7;
				MTL_ENABLE_DEBUG_INFO = NO;
				MTL_FAST_MATH = YES;
				SDKROOT = iphoneos;
				SWIFT_COMPILATION_MODE = wholemodule;
				SWIFT_OPTIMIZATION_LEVEL = "-O";
				VALIDATE_PRODUCT = YES;
			};
			name = Release;
		};
		D1A69B5B25160A410053D458 /* Debug */ = {
			isa = XCBuildConfiguration;
			baseConfigurationReference = B08DA7BD39109B5D730AC409 /* Pods-CocoaPodsApp.debug.xcconfig */;
			buildSettings = {
				ASSETCATALOG_COMPILER_APPICON_NAME = AppIcon;
				CODE_SIGN_STYLE = Automatic;
				INFOPLIST_FILE = CocoaPodsApp/Info.plist;
				LD_RUNPATH_SEARCH_PATHS = (
					"$(inherited)",
					"@executable_path/Frameworks",
				);
				PRODUCT_BUNDLE_IDENTIFIER = aa.CocoaPodsApp;
				PRODUCT_NAME = "$(TARGET_NAME)";
				SWIFT_VERSION = 5.0;
				TARGETED_DEVICE_FAMILY = "1,2";
			};
			name = Debug;
		};
		D1A69B5C25160A410053D458 /* Release */ = {
			isa = XCBuildConfiguration;
			baseConfigurationReference = C33A81FEC0EBD8A493835CE0 /* Pods-CocoaPodsApp.release.xcconfig */;
			buildSettings = {
				ASSETCATALOG_COMPILER_APPICON_NAME = AppIcon;
				CODE_SIGN_STYLE = Automatic;
				INFOPLIST_FILE = CocoaPodsApp/Info.plist;
				LD_RUNPATH_SEARCH_PATHS = (
					"$(inherited)",
					"@executable_path/Frameworks",
				);
				PRODUCT_BUNDLE_IDENTIFIER = aa.CocoaPodsApp;
				PRODUCT_NAME = "$(TARGET_NAME)";
				SWIFT_VERSION = 5.0;
				TARGETED_DEVICE_FAMILY = "1,2";
			};
			name = Release;
		};
		D1A69B5E25160A410053D458 /* Debug */ = {
			isa = XCBuildConfiguration;
			baseConfigurationReference = E6A53773F9E18DAAF8C732D6 /* Pods-CocoaPodsAppTests.debug.xcconfig */;
			buildSettings = {
				ALWAYS_EMBED_SWIFT_STANDARD_LIBRARIES = YES;
				BUNDLE_LOADER = "$(TEST_HOST)";
				CODE_SIGN_STYLE = Automatic;
				INFOPLIST_FILE = CocoaPodsAppTests/Info.plist;
				IPHONEOS_DEPLOYMENT_TARGET = 13.7;
				LD_RUNPATH_SEARCH_PATHS = (
					"$(inherited)",
					"@executable_path/Frameworks",
					"@loader_path/Frameworks",
				);
				PRODUCT_BUNDLE_IDENTIFIER = aa.CocoaPodsAppTests;
				PRODUCT_NAME = "$(TARGET_NAME)";
				SWIFT_VERSION = 5.0;
				TARGETED_DEVICE_FAMILY = "1,2";
				TEST_HOST = "$(BUILT_PRODUCTS_DIR)/CocoaPodsApp.app/CocoaPodsApp";
			};
			name = Debug;
		};
		D1A69B5F25160A410053D458 /* Release */ = {
			isa = XCBuildConfiguration;
			baseConfigurationReference = BA00A476AB8B272B3B5BC71D /* Pods-CocoaPodsAppTests.release.xcconfig */;
			buildSettings = {
				ALWAYS_EMBED_SWIFT_STANDARD_LIBRARIES = YES;
				BUNDLE_LOADER = "$(TEST_HOST)";
				CODE_SIGN_STYLE = Automatic;
				INFOPLIST_FILE = CocoaPodsAppTests/Info.plist;
				IPHONEOS_DEPLOYMENT_TARGET = 13.7;
				LD_RUNPATH_SEARCH_PATHS = (
					"$(inherited)",
					"@executable_path/Frameworks",
					"@loader_path/Frameworks",
				);
				PRODUCT_BUNDLE_IDENTIFIER = aa.CocoaPodsAppTests;
				PRODUCT_NAME = "$(TARGET_NAME)";
				SWIFT_VERSION = 5.0;
				TARGETED_DEVICE_FAMILY = "1,2";
				TEST_HOST = "$(BUILT_PRODUCTS_DIR)/CocoaPodsApp.app/CocoaPodsApp";
			};
			name = Release;
		};
		D1A69B6125160A410053D458 /* Debug */ = {
			isa = XCBuildConfiguration;
			baseConfigurationReference = 1877A7F7E054452AC4A3AE21 /* Pods-CocoaPodsApp-CocoaPodsAppUITests.debug.xcconfig */;
			buildSettings = {
				ALWAYS_EMBED_SWIFT_STANDARD_LIBRARIES = YES;
				CODE_SIGN_STYLE = Automatic;
				INFOPLIST_FILE = CocoaPodsAppUITests/Info.plist;
				LD_RUNPATH_SEARCH_PATHS = (
					"$(inherited)",
					"@executable_path/Frameworks",
					"@loader_path/Frameworks",
				);
				PRODUCT_BUNDLE_IDENTIFIER = aa.CocoaPodsAppUITests;
				PRODUCT_NAME = "$(TARGET_NAME)";
				SWIFT_VERSION = 5.0;
				TARGETED_DEVICE_FAMILY = "1,2";
				TEST_TARGET_NAME = CocoaPodsApp;
			};
			name = Debug;
		};
		D1A69B6225160A410053D458 /* Release */ = {
			isa = XCBuildConfiguration;
			baseConfigurationReference = 3597ADA6CC762DEAE30D6194 /* Pods-CocoaPodsApp-CocoaPodsAppUITests.release.xcconfig */;
			buildSettings = {
				ALWAYS_EMBED_SWIFT_STANDARD_LIBRARIES = YES;
				CODE_SIGN_STYLE = Automatic;
				INFOPLIST_FILE = CocoaPodsAppUITests/Info.plist;
				LD_RUNPATH_SEARCH_PATHS = (
					"$(inherited)",
					"@executable_path/Frameworks",
					"@loader_path/Frameworks",
				);
				PRODUCT_BUNDLE_IDENTIFIER = aa.CocoaPodsAppUITests;
				PRODUCT_NAME = "$(TARGET_NAME)";
				SWIFT_VERSION = 5.0;
				TARGETED_DEVICE_FAMILY = "1,2";
				TEST_TARGET_NAME = CocoaPodsApp;
			};
			name = Release;
		};
/* End XCBuildConfiguration section */

/* Begin XCConfigurationList section */
		D1A69B2B25160A3B0053D458 /* Build configuration list for PBXProject "CocoaPodsApp" */ = {
			isa = XCConfigurationList;
			buildConfigurations = (
				D1A69B5825160A410053D458 /* Debug */,
				D1A69B5925160A410053D458 /* Release */,
			);
			defaultConfigurationIsVisible = 0;
			defaultConfigurationName = Release;
		};
		D1A69B5A25160A410053D458 /* Build configuration list for PBXNativeTarget "CocoaPodsApp" */ = {
			isa = XCConfigurationList;
			buildConfigurations = (
				D1A69B5B25160A410053D458 /* Debug */,
				D1A69B5C25160A410053D458 /* Release */,
			);
			defaultConfigurationIsVisible = 0;
			defaultConfigurationName = Release;
		};
		D1A69B5D25160A410053D458 /* Build configuration list for PBXNativeTarget "CocoaPodsAppTests" */ = {
			isa = XCConfigurationList;
			buildConfigurations = (
				D1A69B5E25160A410053D458 /* Debug */,
				D1A69B5F25160A410053D458 /* Release */,
			);
			defaultConfigurationIsVisible = 0;
			defaultConfigurationName = Release;
		};
		D1A69B6025160A410053D458 /* Build configuration list for PBXNativeTarget "CocoaPodsAppUITests" */ = {
			isa = XCConfigurationList;
			buildConfigurations = (
				D1A69B6125160A410053D458 /* Debug */,
				D1A69B6225160A410053D458 /* Release */,
			);
			defaultConfigurationIsVisible = 0;
			defaultConfigurationName = Release;
		};
/* End XCConfigurationList section */
	};
	rootObject = D1A69B2825160A3B0053D458 /* Project object */;
}
