// !$*UTF8*$!
{
	archiveVersion = 1;
	classes = {
	};
	objectVersion = 50;
	objects = {

/* Begin PBXBuildFile section */
		D1697A8E251373A0001406EB /* AppDelegate.swift in Sources */ = {isa = PBXBuildFile; fileRef = D1697A8D251373A0001406EB /* AppDelegate.swift */; };
		D1697A90251373A0001406EB /* SceneDelegate.swift in Sources */ = {isa = PBXBuildFile; fileRef = D1697A8F251373A0001406EB /* SceneDelegate.swift */; };
		D1697A92251373A0001406EB /* ViewController.swift in Sources */ = {isa = PBXBuildFile; fileRef = D1697A91251373A0001406EB /* ViewController.swift */; };
		D1697A95251373A0001406EB /* Main.storyboard in Resources */ = {isa = PBXBuildFile; fileRef = D1697A93251373A0001406EB /* Main.storyboard */; };
		D1697A97251373A7001406EB /* Assets.xcassets in Resources */ = {isa = PBXBuildFile; fileRef = D1697A96251373A7001406EB /* Assets.xcassets */; };
		D1697A9A251373A7001406EB /* LaunchScreen.storyboard in Resources */ = {isa = PBXBuildFile; fileRef = D1697A98251373A7001406EB /* LaunchScreen.storyboard */; };
		D1697AA5251373A7001406EB /* QuizTests.swift in Sources */ = {isa = PBXBuildFile; fileRef = D1697AA4251373A7001406EB /* QuizTests.swift */; };
		D1697AB0251373A7001406EB /* QuizUITests.swift in Sources */ = {isa = PBXBuildFile; fileRef = D1697AAF251373A7001406EB /* QuizUITests.swift */; };
		D1697ABE25137491001406EB /* QuizViewController.swift in Sources */ = {isa = PBXBuildFile; fileRef = D1697ABD25137491001406EB /* QuizViewController.swift */; };
		D1697AC0251374A9001406EB /* ResultViewController.swift in Sources */ = {isa = PBXBuildFile; fileRef = D1697ABF251374A9001406EB /* ResultViewController.swift */; };
/* End PBXBuildFile section */

/* Begin PBXContainerItemProxy section */
		D1697AA1251373A7001406EB /* PBXContainerItemProxy */ = {
			isa = PBXContainerItemProxy;
			containerPortal = D1697A82251373A0001406EB /* Project object */;
			proxyType = 1;
			remoteGlobalIDString = D1697A89251373A0001406EB;
			remoteInfo = Quiz;
		};
		D1697AAC251373A7001406EB /* PBXContainerItemProxy */ = {
			isa = PBXContainerItemProxy;
			containerPortal = D1697A82251373A0001406EB /* Project object */;
			proxyType = 1;
			remoteGlobalIDString = D1697A89251373A0001406EB;
			remoteInfo = Quiz;
		};
/* End PBXContainerItemProxy section */

/* Begin PBXFileReference section */
		D1697A8A251373A0001406EB /* Quiz.app */ = {isa = PBXFileReference; explicitFileType = wrapper.application; includeInIndex = 0; path = Quiz.app; sourceTree = BUILT_PRODUCTS_DIR; };
		D1697A8D251373A0001406EB /* AppDelegate.swift */ = {isa = PBXFileReference; lastKnownFileType = sourcecode.swift; path = AppDelegate.swift; sourceTree = "<group>"; };
		D1697A8F251373A0001406EB /* SceneDelegate.swift */ = {isa = PBXFileReference; lastKnownFileType = sourcecode.swift; path = SceneDelegate.swift; sourceTree = "<group>"; };
		D1697A91251373A0001406EB /* ViewController.swift */ = {isa = PBXFileReference; lastKnownFileType = sourcecode.swift; path = ViewController.swift; sourceTree = "<group>"; };
		D1697A94251373A0001406EB /* Base */ = {isa = PBXFileReference; lastKnownFileType = file.storyboard; name = Base; path = Base.lproj/Main.storyboard; sourceTree = "<group>"; };
		D1697A96251373A7001406EB /* Assets.xcassets */ = {isa = PBXFileReference; lastKnownFileType = folder.assetcatalog; path = Assets.xcassets; sourceTree = "<group>"; };
		D1697A99251373A7001406EB /* Base */ = {isa = PBXFileReference; lastKnownFileType = file.storyboard; name = Base; path = Base.lproj/LaunchScreen.storyboard; sourceTree = "<group>"; };
		D1697A9B251373A7001406EB /* Info.plist */ = {isa = PBXFileReference; lastKnownFileType = text.plist.xml; path = Info.plist; sourceTree = "<group>"; };
		D1697AA0251373A7001406EB /* QuizTests.xctest */ = {isa = PBXFileReference; explicitFileType = wrapper.cfbundle; includeInIndex = 0; path = QuizTests.xctest; sourceTree = BUILT_PRODUCTS_DIR; };
		D1697AA4251373A7001406EB /* QuizTests.swift */ = {isa = PBXFileReference; lastKnownFileType = sourcecode.swift; path = QuizTests.swift; sourceTree = "<group>"; };
		D1697AA6251373A7001406EB /* Info.plist */ = {isa = PBXFileReference; lastKnownFileType = text.plist.xml; path = Info.plist; sourceTree = "<group>"; };
		D1697AAB251373A7001406EB /* QuizUITests.xctest */ = {isa = PBXFileReference; explicitFileType = wrapper.cfbundle; includeInIndex = 0; path = QuizUITests.xctest; sourceTree = BUILT_PRODUCTS_DIR; };
		D1697AAF251373A7001406EB /* QuizUITests.swift */ = {isa = PBXFileReference; lastKnownFileType = sourcecode.swift; path = QuizUITests.swift; sourceTree = "<group>"; };
		D1697AB1251373A7001406EB /* Info.plist */ = {isa = PBXFileReference; lastKnownFileType = text.plist.xml; path = Info.plist; sourceTree = "<group>"; };
		D1697ABD25137491001406EB /* QuizViewController.swift */ = {isa = PBXFileReference; lastKnownFileType = sourcecode.swift; path = QuizViewController.swift; sourceTree = "<group>"; };
		D1697ABF251374A9001406EB /* ResultViewController.swift */ = {isa = PBXFileReference; lastKnownFileType = sourcecode.swift; path = ResultViewController.swift; sourceTree = "<group>"; };
/* End PBXFileReference section */

/* Begin PBXFrameworksBuildPhase section */
		D1697A87251373A0001406EB /* Frameworks */ = {
			isa = PBXFrameworksBuildPhase;
			buildActionMask = 2147483647;
			files = (
			);
			runOnlyForDeploymentPostprocessing = 0;
		};
		D1697A9D251373A7001406EB /* Frameworks */ = {
			isa = PBXFrameworksBuildPhase;
			buildActionMask = 2147483647;
			files = (
			);
			runOnlyForDeploymentPostprocessing = 0;
		};
		D1697AA8251373A7001406EB /* Frameworks */ = {
			isa = PBXFrameworksBuildPhase;
			buildActionMask = 2147483647;
			files = (
			);
			runOnlyForDeploymentPostprocessing = 0;
		};
/* End PBXFrameworksBuildPhase section */

/* Begin PBXGroup section */
		D1697A81251373A0001406EB = {
			isa = PBXGroup;
			children = (
				D1697A8C251373A0001406EB /* Quiz */,
				D1697AA3251373A7001406EB /* QuizTests */,
				D1697AAE251373A7001406EB /* QuizUITests */,
				D1697A8B251373A0001406EB /* Products */,
			);
			sourceTree = "<group>";
		};
		D1697A8B251373A0001406EB /* Products */ = {
			isa = PBXGroup;
			children = (
				D1697A8A251373A0001406EB /* Quiz.app */,
				D1697AA0251373A7001406EB /* QuizTests.xctest */,
				D1697AAB251373A7001406EB /* QuizUITests.xctest */,
			);
			name = Products;
			sourceTree = "<group>";
		};
		D1697A8C251373A0001406EB /* Quiz */ = {
			isa = PBXGroup;
			children = (
				D1697A8D251373A0001406EB /* AppDelegate.swift */,
				D1697A8F251373A0001406EB /* SceneDelegate.swift */,
				D1697A91251373A0001406EB /* ViewController.swift */,
				D1697A93251373A0001406EB /* Main.storyboard */,
				D1697A96251373A7001406EB /* Assets.xcassets */,
				D1697A98251373A7001406EB /* LaunchScreen.storyboard */,
				D1697A9B251373A7001406EB /* Info.plist */,
				D1697ABD25137491001406EB /* QuizViewController.swift */,
				D1697ABF251374A9001406EB /* ResultViewController.swift */,
			);
			path = Quiz;
			sourceTree = "<group>";
		};
		D1697AA3251373A7001406EB /* QuizTests */ = {
			isa = PBXGroup;
			children = (
				D1697AA4251373A7001406EB /* QuizTests.swift */,
				D1697AA6251373A7001406EB /* Info.plist */,
			);
			path = QuizTests;
			sourceTree = "<group>";
		};
		D1697AAE251373A7001406EB /* QuizUITests */ = {
			isa = PBXGroup;
			children = (
				D1697AAF251373A7001406EB /* QuizUITests.swift */,
				D1697AB1251373A7001406EB /* Info.plist */,
			);
			path = QuizUITests;
			sourceTree = "<group>";
		};
/* End PBXGroup section */

/* Begin PBXNativeTarget section */
		D1697A89251373A0001406EB /* Quiz */ = {
			isa = PBXNativeTarget;
			buildConfigurationList = D1697AB4251373A7001406EB /* Build configuration list for PBXNativeTarget "Quiz" */;
			buildPhases = (
				D1697A86251373A0001406EB /* Sources */,
				D1697A87251373A0001406EB /* Frameworks */,
				D1697A88251373A0001406EB /* Resources */,
			);
			buildRules = (
			);
			dependencies = (
			);
			name = Quiz;
			productName = Quiz;
			productReference = D1697A8A251373A0001406EB /* Quiz.app */;
			productType = "com.apple.product-type.application";
		};
		D1697A9F251373A7001406EB /* QuizTests */ = {
			isa = PBXNativeTarget;
			buildConfigurationList = D1697AB7251373A7001406EB /* Build configuration list for PBXNativeTarget "QuizTests" */;
			buildPhases = (
				D1697A9C251373A7001406EB /* Sources */,
				D1697A9D251373A7001406EB /* Frameworks */,
				D1697A9E251373A7001406EB /* Resources */,
			);
			buildRules = (
			);
			dependencies = (
				D1697AA2251373A7001406EB /* PBXTargetDependency */,
			);
			name = QuizTests;
			productName = QuizTests;
			productReference = D1697AA0251373A7001406EB /* QuizTests.xctest */;
			productType = "com.apple.product-type.bundle.unit-test";
		};
		D1697AAA251373A7001406EB /* QuizUITests */ = {
			isa = PBXNativeTarget;
			buildConfigurationList = D1697ABA251373A7001406EB /* Build configuration list for PBXNativeTarget "QuizUITests" */;
			buildPhases = (
				D1697AA7251373A7001406EB /* Sources */,
				D1697AA8251373A7001406EB /* Frameworks */,
				D1697AA9251373A7001406EB /* Resources */,
			);
			buildRules = (
			);
			dependencies = (
				D1697AAD251373A7001406EB /* PBXTargetDependency */,
			);
			name = QuizUITests;
			productName = QuizUITests;
			productReference = D1697AAB251373A7001406EB /* QuizUITests.xctest */;
			productType = "com.apple.product-type.bundle.ui-testing";
		};
/* End PBXNativeTarget section */

/* Begin PBXProject section */
		D1697A82251373A0001406EB /* Project object */ = {
			isa = PBXProject;
			attributes = {
				LastSwiftUpdateCheck = 1170;
				LastUpgradeCheck = 1170;
				ORGANIZATIONNAME = "関川隼人";
				TargetAttributes = {
					D1697A89251373A0001406EB = {
						CreatedOnToolsVersion = 11.7;
					};
					D1697A9F251373A7001406EB = {
						CreatedOnToolsVersion = 11.7;
						TestTargetID = D1697A89251373A0001406EB;
					};
					D1697AAA251373A7001406EB = {
						CreatedOnToolsVersion = 11.7;
						TestTargetID = D1697A89251373A0001406EB;
					};
				};
			};
			buildConfigurationList = D1697A85251373A0001406EB /* Build configuration list for PBXProject "Quiz" */;
			compatibilityVersion = "Xcode 9.3";
			developmentRegion = en;
			hasScannedForEncodings = 0;
			knownRegions = (
				en,
				Base,
			);
			mainGroup = D1697A81251373A0001406EB;
			productRefGroup = D1697A8B251373A0001406EB /* Products */;
			projectDirPath = "";
			projectRoot = "";
			targets = (
				D1697A89251373A0001406EB /* Quiz */,
				D1697A9F251373A7001406EB /* QuizTests */,
				D1697AAA251373A7001406EB /* QuizUITests */,
			);
		};
/* End PBXProject section */

/* Begin PBXResourcesBuildPhase section */
		D1697A88251373A0001406EB /* Resources */ = {
			isa = PBXResourcesBuildPhase;
			buildActionMask = 2147483647;
			files = (
				D1697A9A251373A7001406EB /* LaunchScreen.storyboard in Resources */,
				D1697A97251373A7001406EB /* Assets.xcassets in Resources */,
				D1697A95251373A0001406EB /* Main.storyboard in Resources */,
			);
			runOnlyForDeploymentPostprocessing = 0;
		};
		D1697A9E251373A7001406EB /* Resources */ = {
			isa = PBXResourcesBuildPhase;
			buildActionMask = 2147483647;
			files = (
			);
			runOnlyForDeploymentPostprocessing = 0;
		};
		D1697AA9251373A7001406EB /* Resources */ = {
			isa = PBXResourcesBuildPhase;
			buildActionMask = 2147483647;
			files = (
			);
			runOnlyForDeploymentPostprocessing = 0;
		};
/* End PBXResourcesBuildPhase section */

/* Begin PBXSourcesBuildPhase section */
		D1697A86251373A0001406EB /* Sources */ = {
			isa = PBXSourcesBuildPhase;
			buildActionMask = 2147483647;
			files = (
				D1697AC0251374A9001406EB /* ResultViewController.swift in Sources */,
				D1697A92251373A0001406EB /* ViewController.swift in Sources */,
				D1697A8E251373A0001406EB /* AppDelegate.swift in Sources */,
				D1697A90251373A0001406EB /* SceneDelegate.swift in Sources */,
				D1697ABE25137491001406EB /* QuizViewController.swift in Sources */,
			);
			runOnlyForDeploymentPostprocessing = 0;
		};
		D1697A9C251373A7001406EB /* Sources */ = {
			isa = PBXSourcesBuildPhase;
			buildActionMask = 2147483647;
			files = (
				D1697AA5251373A7001406EB /* QuizTests.swift in Sources */,
			);
			runOnlyForDeploymentPostprocessing = 0;
		};
		D1697AA7251373A7001406EB /* Sources */ = {
			isa = PBXSourcesBuildPhase;
			buildActionMask = 2147483647;
			files = (
				D1697AB0251373A7001406EB /* QuizUITests.swift in Sources */,
			);
			runOnlyForDeploymentPostprocessing = 0;
		};
/* End PBXSourcesBuildPhase section */

/* Begin PBXTargetDependency section */
		D1697AA2251373A7001406EB /* PBXTargetDependency */ = {
			isa = PBXTargetDependency;
			target = D1697A89251373A0001406EB /* Quiz */;
			targetProxy = D1697AA1251373A7001406EB /* PBXContainerItemProxy */;
		};
		D1697AAD251373A7001406EB /* PBXTargetDependency */ = {
			isa = PBXTargetDependency;
			target = D1697A89251373A0001406EB /* Quiz */;
			targetProxy = D1697AAC251373A7001406EB /* PBXContainerItemProxy */;
		};
/* End PBXTargetDependency section */

/* Begin PBXVariantGroup section */
		D1697A93251373A0001406EB /* Main.storyboard */ = {
			isa = PBXVariantGroup;
			children = (
				D1697A94251373A0001406EB /* Base */,
			);
			name = Main.storyboard;
			sourceTree = "<group>";
		};
		D1697A98251373A7001406EB /* LaunchScreen.storyboard */ = {
			isa = PBXVariantGroup;
			children = (
				D1697A99251373A7001406EB /* Base */,
			);
			name = LaunchScreen.storyboard;
			sourceTree = "<group>";
		};
/* End PBXVariantGroup section */

/* Begin XCBuildConfiguration section */
		D1697AB2251373A7001406EB /* Debug */ = {
			isa = XCBuildConfiguration;
			buildSettings = {
				ALWAYS_SEARCH_USER_PATHS = NO;
				CLANG_ANALYZER_NONNULL = YES;
				CLANG_ANALYZER_NUMBER_OBJECT_CONVERSION = YES_AGGRESSIVE;
				CLANG_CXX_LANGUAGE_STANDARD = "gnu++14";
				CLANG_CXX_LIBRARY = "libc++";
				CLANG_ENABLE_MODULES = YES;
				CLANG_ENABLE_OBJC_ARC = YES;
				CLANG_ENABLE_OBJC_WEAK = YES;
				CLANG_WARN_BLOCK_CAPTURE_AUTORELEASING = YES;
				CLANG_WARN_BOOL_CONVERSION = YES;
				CLANG_WARN_COMMA = YES;
				CLANG_WARN_CONSTANT_CONVERSION = YES;
				CLANG_WARN_DEPRECATED_OBJC_IMPLEMENTATIONS = YES;
				CLANG_WARN_DIRECT_OBJC_ISA_USAGE = YES_ERROR;
				CLANG_WARN_DOCUMENTATION_COMMENTS = YES;
				CLANG_WARN_EMPTY_BODY = YES;
				CLANG_WARN_ENUM_CONVERSION = YES;
				CLANG_WARN_INFINITE_RECURSION = YES;
				CLANG_WARN_INT_CONVERSION = YES;
				CLANG_WARN_NON_LITERAL_NULL_CONVERSION = YES;
				CLANG_WARN_OBJC_IMPLICIT_RETAIN_SELF = YES;
				CLANG_WARN_OBJC_LITERAL_CONVERSION = YES;
				CLANG_WARN_OBJC_ROOT_CLASS = YES_ERROR;
				CLANG_WARN_RANGE_LOOP_ANALYSIS = YES;
				CLANG_WARN_STRICT_PROTOTYPES = YES;
				CLANG_WARN_SUSPICIOUS_MOVE = YES;
				CLANG_WARN_UNGUARDED_AVAILABILITY = YES_AGGRESSIVE;
				CLANG_WARN_UNREACHABLE_CODE = YES;
				CLANG_WARN__DUPLICATE_METHOD_MATCH = YES;
				COPY_PHASE_STRIP = NO;
				DEBUG_INFORMATION_FORMAT = dwarf;
				ENABLE_STRICT_OBJC_MSGSEND = YES;
				ENABLE_TESTABILITY = YES;
				GCC_C_LANGUAGE_STANDARD = gnu11;
				GCC_DYNAMIC_NO_PIC = NO;
				GCC_NO_COMMON_BLOCKS = YES;
				GCC_OPTIMIZATION_LEVEL = 0;
				GCC_PREPROCESSOR_DEFINITIONS = (
					"DEBUG=1",
					"$(inherited)",
				);
				GCC_WARN_64_TO_32_BIT_CONVERSION = YES;
				GCC_WARN_ABOUT_RETURN_TYPE = YES_ERROR;
				GCC_WARN_UNDECLARED_SELECTOR = YES;
				GCC_WARN_UNINITIALIZED_AUTOS = YES_AGGRESSIVE;
				GCC_WARN_UNUSED_FUNCTION = YES;
				GCC_WARN_UNUSED_VARIABLE = YES;
				IPHONEOS_DEPLOYMENT_TARGET = 13.7;
				MTL_ENABLE_DEBUG_INFO = INCLUDE_SOURCE;
				MTL_FAST_MATH = YES;
				ONLY_ACTIVE_ARCH = YES;
				SDKROOT = iphoneos;
				SWIFT_ACTIVE_COMPILATION_CONDITIONS = DEBUG;
				SWIFT_OPTIMIZATION_LEVEL = "-Onone";
			};
			name = Debug;
		};
		D1697AB3251373A7001406EB /* Release */ = {
			isa = XCBuildConfiguration;
			buildSettings = {
				ALWAYS_SEARCH_USER_PATHS = NO;
				CLANG_ANALYZER_NONNULL = YES;
				CLANG_ANALYZER_NUMBER_OBJECT_CONVERSION = YES_AGGRESSIVE;
				CLANG_CXX_LANGUAGE_STANDARD = "gnu++14";
				CLANG_CXX_LIBRARY = "libc++";
				CLANG_ENABLE_MODULES = YES;
				CLANG_ENABLE_OBJC_ARC = YES;
				CLANG_ENABLE_OBJC_WEAK = YES;
				CLANG_WARN_BLOCK_CAPTURE_AUTORELEASING = YES;
				CLANG_WARN_BOOL_CONVERSION = YES;
				CLANG_WARN_COMMA = YES;
				CLANG_WARN_CONSTANT_CONVERSION = YES;
				CLANG_WARN_DEPRECATED_OBJC_IMPLEMENTATIONS = YES;
				CLANG_WARN_DIRECT_OBJC_ISA_USAGE = YES_ERROR;
				CLANG_WARN_DOCUMENTATION_COMMENTS = YES;
				CLANG_WARN_EMPTY_BODY = YES;
				CLANG_WARN_ENUM_CONVERSION = YES;
				CLANG_WARN_INFINITE_RECURSION = YES;
				CLANG_WARN_INT_CONVERSION = YES;
				CLANG_WARN_NON_LITERAL_NULL_CONVERSION = YES;
				CLANG_WARN_OBJC_IMPLICIT_RETAIN_SELF = YES;
				CLANG_WARN_OBJC_LITERAL_CONVERSION = YES;
				CLANG_WARN_OBJC_ROOT_CLASS = YES_ERROR;
				CLANG_WARN_RANGE_LOOP_ANALYSIS = YES;
				CLANG_WARN_STRICT_PROTOTYPES = YES;
				CLANG_WARN_SUSPICIOUS_MOVE = YES;
				CLANG_WARN_UNGUARDED_AVAILABILITY = YES_AGGRESSIVE;
				CLANG_WARN_UNREACHABLE_CODE = YES;
				CLANG_WARN__DUPLICATE_METHOD_MATCH = YES;
				COPY_PHASE_STRIP = NO;
				DEBUG_INFORMATION_FORMAT = "dwarf-with-dsym";
				ENABLE_NS_ASSERTIONS = NO;
				ENABLE_STRICT_OBJC_MSGSEND = YES;
				GCC_C_LANGUAGE_STANDARD = gnu11;
				GCC_NO_COMMON_BLOCKS = YES;
				GCC_WARN_64_TO_32_BIT_CONVERSION = YES;
				GCC_WARN_ABOUT_RETURN_TYPE = YES_ERROR;
				GCC_WARN_UNDECLARED_SELECTOR = YES;
				GCC_WARN_UNINITIALIZED_AUTOS = YES_AGGRESSIVE;
				GCC_WARN_UNUSED_FUNCTION = YES;
				GCC_WARN_UNUSED_VARIABLE = YES;
				IPHONEOS_DEPLOYMENT_TARGET = 13.7;
				MTL_ENABLE_DEBUG_INFO = NO;
				MTL_FAST_MATH = YES;
				SDKROOT = iphoneos;
				SWIFT_COMPILATION_MODE = wholemodule;
				SWIFT_OPTIMIZATION_LEVEL = "-O";
				VALIDATE_PRODUCT = YES;
			};
			name = Release;
		};
		D1697AB5251373A7001406EB /* Debug */ = {
			isa = XCBuildConfiguration;
			buildSettings = {
				ASSETCATALOG_COMPILER_APPICON_NAME = AppIcon;
				CODE_SIGN_STYLE = Automatic;
				INFOPLIST_FILE = Quiz/Info.plist;
				LD_RUNPATH_SEARCH_PATHS = (
					"$(inherited)",
					"@executable_path/Frameworks",
				);
				PRODUCT_BUNDLE_IDENTIFIER = aa.Quiz;
				PRODUCT_NAME = "$(TARGET_NAME)";
				SWIFT_VERSION = 5.0;
				TARGETED_DEVICE_FAMILY = "1,2";
			};
			name = Debug;
		};
		D1697AB6251373A7001406EB /* Release */ = {
			isa = XCBuildConfiguration;
			buildSettings = {
				ASSETCATALOG_COMPILER_APPICON_NAME = AppIcon;
				CODE_SIGN_STYLE = Automatic;
				INFOPLIST_FILE = Quiz/Info.plist;
				LD_RUNPATH_SEARCH_PATHS = (
					"$(inherited)",
					"@executable_path/Frameworks",
				);
				PRODUCT_BUNDLE_IDENTIFIER = aa.Quiz;
				PRODUCT_NAME = "$(TARGET_NAME)";
				SWIFT_VERSION = 5.0;
				TARGETED_DEVICE_FAMILY = "1,2";
			};
			name = Release;
		};
		D1697AB8251373A7001406EB /* Debug */ = {
			isa = XCBuildConfiguration;
			buildSettings = {
				ALWAYS_EMBED_SWIFT_STANDARD_LIBRARIES = YES;
				BUNDLE_LOADER = "$(TEST_HOST)";
				CODE_SIGN_STYLE = Automatic;
				INFOPLIST_FILE = QuizTests/Info.plist;
				IPHONEOS_DEPLOYMENT_TARGET = 13.7;
				LD_RUNPATH_SEARCH_PATHS = (
					"$(inherited)",
					"@executable_path/Frameworks",
					"@loader_path/Frameworks",
				);
				PRODUCT_BUNDLE_IDENTIFIER = aa.QuizTests;
				PRODUCT_NAME = "$(TARGET_NAME)";
				SWIFT_VERSION = 5.0;
				TARGETED_DEVICE_FAMILY = "1,2";
				TEST_HOST = "$(BUILT_PRODUCTS_DIR)/Quiz.app/Quiz";
			};
			name = Debug;
		};
		D1697AB9251373A7001406EB /* Release */ = {
			isa = XCBuildConfiguration;
			buildSettings = {
				ALWAYS_EMBED_SWIFT_STANDARD_LIBRARIES = YES;
				BUNDLE_LOADER = "$(TEST_HOST)";
				CODE_SIGN_STYLE = Automatic;
				INFOPLIST_FILE = QuizTests/Info.plist;
				IPHONEOS_DEPLOYMENT_TARGET = 13.7;
				LD_RUNPATH_SEARCH_PATHS = (
					"$(inherited)",
					"@executable_path/Frameworks",
					"@loader_path/Frameworks",
				);
				PRODUCT_BUNDLE_IDENTIFIER = aa.QuizTests;
				PRODUCT_NAME = "$(TARGET_NAME)";
				SWIFT_VERSION = 5.0;
				TARGETED_DEVICE_FAMILY = "1,2";
				TEST_HOST = "$(BUILT_PRODUCTS_DIR)/Quiz.app/Quiz";
			};
			name = Release;
		};
		D1697ABB251373A7001406EB /* Debug */ = {
			isa = XCBuildConfiguration;
			buildSettings = {
				ALWAYS_EMBED_SWIFT_STANDARD_LIBRARIES = YES;
				CODE_SIGN_STYLE = Automatic;
				INFOPLIST_FILE = QuizUITests/Info.plist;
				LD_RUNPATH_SEARCH_PATHS = (
					"$(inherited)",
					"@executable_path/Frameworks",
					"@loader_path/Frameworks",
				);
				PRODUCT_BUNDLE_IDENTIFIER = aa.QuizUITests;
				PRODUCT_NAME = "$(TARGET_NAME)";
				SWIFT_VERSION = 5.0;
				TARGETED_DEVICE_FAMILY = "1,2";
				TEST_TARGET_NAME = Quiz;
			};
			name = Debug;
		};
		D1697ABC251373A7001406EB /* Release */ = {
			isa = XCBuildConfiguration;
			buildSettings = {
				ALWAYS_EMBED_SWIFT_STANDARD_LIBRARIES = YES;
				CODE_SIGN_STYLE = Automatic;
				INFOPLIST_FILE = QuizUITests/Info.plist;
				LD_RUNPATH_SEARCH_PATHS = (
					"$(inherited)",
					"@executable_path/Frameworks",
					"@loader_path/Frameworks",
				);
				PRODUCT_BUNDLE_IDENTIFIER = aa.QuizUITests;
				PRODUCT_NAME = "$(TARGET_NAME)";
				SWIFT_VERSION = 5.0;
				TARGETED_DEVICE_FAMILY = "1,2";
				TEST_TARGET_NAME = Quiz;
			};
			name = Release;
		};
/* End XCBuildConfiguration section */

/* Begin XCConfigurationList section */
		D1697A85251373A0001406EB /* Build configuration list for PBXProject "Quiz" */ = {
			isa = XCConfigurationList;
			buildConfigurations = (
				D1697AB2251373A7001406EB /* Debug */,
				D1697AB3251373A7001406EB /* Release */,
			);
			defaultConfigurationIsVisible = 0;
			defaultConfigurationName = Release;
		};
		D1697AB4251373A7001406EB /* Build configuration list for PBXNativeTarget "Quiz" */ = {
			isa = XCConfigurationList;
			buildConfigurations = (
				D1697AB5251373A7001406EB /* Debug */,
				D1697AB6251373A7001406EB /* Release */,
			);
			defaultConfigurationIsVisible = 0;
			defaultConfigurationName = Release;
		};
		D1697AB7251373A7001406EB /* Build configuration list for PBXNativeTarget "QuizTests" */ = {
			isa = XCConfigurationList;
			buildConfigurations = (
				D1697AB8251373A7001406EB /* Debug */,
				D1697AB9251373A7001406EB /* Release */,
			);
			defaultConfigurationIsVisible = 0;
			defaultConfigurationName = Release;
		};
		D1697ABA251373A7001406EB /* Build configuration list for PBXNativeTarget "QuizUITests" */ = {
			isa = XCConfigurationList;
			buildConfigurations = (
				D1697ABB251373A7001406EB /* Debug */,
				D1697ABC251373A7001406EB /* Release */,
			);
			defaultConfigurationIsVisible = 0;
			defaultConfigurationName = Release;
		};
/* End XCConfigurationList section */
	};
	rootObject = D1697A82251373A0001406EB /* Project object */;
}
